// !$*UTF8*$!
{
	archiveVersion = 1;
	classes = {
	};
	objectVersion = 46;
	objects = {

/* Begin PBXBuildFile section */
		00C302E51ABCBA2D00DB3ED1 /* libRCTActionSheet.a in Frameworks */ = {isa = PBXBuildFile; fileRef = 00C302AC1ABCB8CE00DB3ED1 /* libRCTActionSheet.a */; };
		00C302E71ABCBA2D00DB3ED1 /* libRCTGeolocation.a in Frameworks */ = {isa = PBXBuildFile; fileRef = 00C302BA1ABCB90400DB3ED1 /* libRCTGeolocation.a */; };
		00C302E81ABCBA2D00DB3ED1 /* libRCTImage.a in Frameworks */ = {isa = PBXBuildFile; fileRef = 00C302C01ABCB91800DB3ED1 /* libRCTImage.a */; };
		00C302E91ABCBA2D00DB3ED1 /* libRCTNetwork.a in Frameworks */ = {isa = PBXBuildFile; fileRef = 00C302DC1ABCB9D200DB3ED1 /* libRCTNetwork.a */; };
		00C302EA1ABCBA2D00DB3ED1 /* libRCTVibration.a in Frameworks */ = {isa = PBXBuildFile; fileRef = 00C302E41ABCB9EE00DB3ED1 /* libRCTVibration.a */; };
		00E356F31AD99517003FC87E /* ConsentManagementAppTests.m in Sources */ = {isa = PBXBuildFile; fileRef = 00E356F21AD99517003FC87E /* ConsentManagementAppTests.m */; };
		06F97D641AC642BA96ACE533 /* ic-arrow-left-alt.svg in Resources */ = {isa = PBXBuildFile; fileRef = 4CCE10B3ED9F4C5BB497470D /* ic-arrow-left-alt.svg */; };
		0C496DF017034E52A52AC1C0 /* ic-blockchain.png in Resources */ = {isa = PBXBuildFile; fileRef = 215A1925245E41A5BEE3CEE9 /* ic-blockchain.png */; };
		0EBC76D3C8EC4B6C9060E2D3 /* ic-cross-white-small.svg in Resources */ = {isa = PBXBuildFile; fileRef = 396E38E984524889B2B2399C /* ic-cross-white-small.svg */; };
		104393906F164C7896E9AAD6 /* ic-chat-active.svg in Resources */ = {isa = PBXBuildFile; fileRef = 6424F956CBD94F6E82E1A6BB /* ic-chat-active.svg */; };
		10C7FFAEB56E405EB3959C0C /* Foundation.ttf in Resources */ = {isa = PBXBuildFile; fileRef = 632ED54E9B644A40808570B6 /* Foundation.ttf */; };
		11D1A2F320CAFA9E000508D9 /* libRCTAnimation.a in Frameworks */ = {isa = PBXBuildFile; fileRef = 5E9157331DD0AC6500FF2AA8 /* libRCTAnimation.a */; };
		133E29F31AD74F7200F7D852 /* libRCTLinking.a in Frameworks */ = {isa = PBXBuildFile; fileRef = 78C398B91ACF4ADC00677621 /* libRCTLinking.a */; };
		139105C61AF99C1200B5F7CC /* libRCTSettings.a in Frameworks */ = {isa = PBXBuildFile; fileRef = 139105C11AF99BAD00B5F7CC /* libRCTSettings.a */; };
		139FDEF61B0652A700C62182 /* libRCTWebSocket.a in Frameworks */ = {isa = PBXBuildFile; fileRef = 139FDEF41B06529B00C62182 /* libRCTWebSocket.a */; };
		13B07FBC1A68108700A75B9A /* AppDelegate.m in Sources */ = {isa = PBXBuildFile; fileRef = 13B07FB01A68108700A75B9A /* AppDelegate.m */; };
		13B07FBD1A68108700A75B9A /* LaunchScreen.xib in Resources */ = {isa = PBXBuildFile; fileRef = 13B07FB11A68108700A75B9A /* LaunchScreen.xib */; };
		13B07FBF1A68108700A75B9A /* Images.xcassets in Resources */ = {isa = PBXBuildFile; fileRef = 13B07FB51A68108700A75B9A /* Images.xcassets */; };
		13B07FC11A68108700A75B9A /* main.m in Sources */ = {isa = PBXBuildFile; fileRef = 13B07FB71A68108700A75B9A /* main.m */; };
		140ED2AC1D01E1AD002B40FF /* libReact.a in Frameworks */ = {isa = PBXBuildFile; fileRef = 146834041AC3E56700842450 /* libReact.a */; };
		146834051AC3E58100842450 /* libReact.a in Frameworks */ = {isa = PBXBuildFile; fileRef = 146834041AC3E56700842450 /* libReact.a */; };
		172A4FDD8EA84D29822750C0 /* AntDesign.ttf in Resources */ = {isa = PBXBuildFile; fileRef = ACCF66C6E7F945E88DDD31DE /* AntDesign.ttf */; };
		1D883A3213B04FCC9188D725 /* Feather.ttf in Resources */ = {isa = PBXBuildFile; fileRef = D75629E248984F1E9F8D4EDA /* Feather.ttf */; };
		21A849BE5AB145F5A7624785 /* ic-meetings.svg in Resources */ = {isa = PBXBuildFile; fileRef = C55CED9A0C73462C868F67C9 /* ic-meetings.svg */; };
		22523584771A47A3B1B1AF91 /* ic-add-new.svg in Resources */ = {isa = PBXBuildFile; fileRef = 75C13892A83646EDB9BB3E24 /* ic-add-new.svg */; };
		22AC469D8DF6494E96CAD2FF /* ic-view-details.svg in Resources */ = {isa = PBXBuildFile; fileRef = 34C0FB08611842B8AFF529A3 /* ic-view-details.svg */; };
		239411E0F1554AE5A168EA37 /* ic-tick-white-small.svg in Resources */ = {isa = PBXBuildFile; fileRef = 4F208E5FA3204B039D7BAC15 /* ic-tick-white-small.svg */; };
		24288C1AC1E042B49418CA4C /* ic-right-arrow-o.svg in Resources */ = {isa = PBXBuildFile; fileRef = 88B5F3A7A7E440E6ADE987AC /* ic-right-arrow-o.svg */; };
		25F58D2797BA4708AD00DA4A /* ic-add-contact.svg in Resources */ = {isa = PBXBuildFile; fileRef = F203D6B9D03A4C7A9CEEA9AC /* ic-add-contact.svg */; };
		276FF6FD0FB940A78E3BDE6B /* ic-arrow-right-alt.svg in Resources */ = {isa = PBXBuildFile; fileRef = 1796A13096F9488C8F25E983 /* ic-arrow-right-alt.svg */; };
		286F648EA5CD4EF6BCDB4848 /* ic-location-flag.svg in Resources */ = {isa = PBXBuildFile; fileRef = 587B5D6F7B1B4DA1AF4DE74B /* ic-location-flag.svg */; };
		29618CC9C0F14FABB8CC194F /* ic-add-contact-alt-o.svg in Resources */ = {isa = PBXBuildFile; fileRef = B93E79FDA05549138B23CC66 /* ic-add-contact-alt-o.svg */; };
		2E2F102B24F34E4481D0F0DE /* locked-padlock.svg in Resources */ = {isa = PBXBuildFile; fileRef = B737468D65F442258FE1B79F /* locked-padlock.svg */; };
		2EF0568A993744288BB2B8E8 /* ic-menu.svg in Resources */ = {isa = PBXBuildFile; fileRef = 612BA27040FE41E781A3EEA1 /* ic-menu.svg */; };
		40A48152D2DB4B649D1E1CF9 /* ic-hashtag.svg in Resources */ = {isa = PBXBuildFile; fileRef = E8B8E1758AB649C5B0D0994A /* ic-hashtag.svg */; };
		40E5FB591B5F49D892272970 /* FontAwesome5_Brands.ttf in Resources */ = {isa = PBXBuildFile; fileRef = E9F535125A0E408C9551D51A /* FontAwesome5_Brands.ttf */; };
		42E35F06495442A3867D0A0A /* ic-arrow-left.svg in Resources */ = {isa = PBXBuildFile; fileRef = 4263A96133C64B12B9E8DC6A /* ic-arrow-left.svg */; };
		4CA1CA9827FE4CB28E3E4C20 /* ic-dashboard-active.svg in Resources */ = {isa = PBXBuildFile; fileRef = 7316B2BC4BD94E0BB5C37E1D /* ic-dashboard-active.svg */; };
		52A66F040C284B0DA1F6B05A /* ic-delete.svg in Resources */ = {isa = PBXBuildFile; fileRef = E4DD1D8410B14E729C83687E /* ic-delete.svg */; };
		5E29BE4ADB0C4987AB18BEF4 /* FontAwesome5_Solid.ttf in Resources */ = {isa = PBXBuildFile; fileRef = E548A22CADD8443195D0204B /* FontAwesome5_Solid.ttf */; };
		5E505A68A44746D39A14B3A5 /* ic-hyperledger.png in Resources */ = {isa = PBXBuildFile; fileRef = D9979C750FD44BAEB8E334E5 /* ic-hyperledger.png */; };
		60A27E42AE1D46848A6F75A8 /* ic-left-arrow-o.svg in Resources */ = {isa = PBXBuildFile; fileRef = D1E365B33E014163B6660EBA /* ic-left-arrow-o.svg */; };
		62322C6148124D308F0AB1F8 /* ic-profile-active.svg in Resources */ = {isa = PBXBuildFile; fileRef = B7035211DDA34436A298FDEE /* ic-profile-active.svg */; };
		63E2C912D44242B9A2D967BD /* Entypo.ttf in Resources */ = {isa = PBXBuildFile; fileRef = 8A937F9BAA2647DE886DE6CB /* Entypo.ttf */; };
		68AFF49540EC4618BE16411C /* ic-contacts-active.svg in Resources */ = {isa = PBXBuildFile; fileRef = 7CF85208D4D645D68973E8C6 /* ic-contacts-active.svg */; };
		70879B1F25CE41839C953F32 /* SimpleLineIcons.ttf in Resources */ = {isa = PBXBuildFile; fileRef = 27069F31FDD04A23B66F299C /* SimpleLineIcons.ttf */; };
		727F3C41C3B14CD292BE4BE4 /* ic-contacts-inactive.svg in Resources */ = {isa = PBXBuildFile; fileRef = D0214C8E55E4409FBBE72CE3 /* ic-contacts-inactive.svg */; };
		73D77A62911745C59A56568F /* libRNImagePicker.a in Frameworks */ = {isa = PBXBuildFile; fileRef = BE155F5D4B32471589538184 /* libRNImagePicker.a */; };
		760121EB55F54819A6519686 /* FontAwesome5_Regular.ttf in Resources */ = {isa = PBXBuildFile; fileRef = 35D549736A994C65ADBA5131 /* FontAwesome5_Regular.ttf */; };
		776275053A95434AB1DD03F2 /* ic-trashcan.svg in Resources */ = {isa = PBXBuildFile; fileRef = 8BCE9D61591C4600A3595BAB /* ic-trashcan.svg */; };
		7CEBA18531DB47E39A3D8CC1 /* Zocial.ttf in Resources */ = {isa = PBXBuildFile; fileRef = F2919E6FD3AF486CAEA80056 /* Zocial.ttf */; };
		832341BD1AAA6AB300B99B32 /* libRCTText.a in Frameworks */ = {isa = PBXBuildFile; fileRef = 832341B51AAA6A8300B99B32 /* libRCTText.a */; };
		8727204DBC9D41B2A39CDE40 /* usericon.svg in Resources */ = {isa = PBXBuildFile; fileRef = AADB41CE56F0488FB6A7F2C6 /* usericon.svg */; };
		88548DAB60D84FDA8393D9BC /* ic-dashboard-inactive.svg in Resources */ = {isa = PBXBuildFile; fileRef = E2F7987641614666867C09E2 /* ic-dashboard-inactive.svg */; };
		942E434A98A74FA8A310E354 /* Octicons.ttf in Resources */ = {isa = PBXBuildFile; fileRef = B511F388C5F3421E9B2122CF /* Octicons.ttf */; };
		9692AD2DE63141B799F0A4A2 /* web_hi_res_512.png in Resources */ = {isa = PBXBuildFile; fileRef = 206F64ED9CCC421CB3FD5E0A /* web_hi_res_512.png */; };
		981BF1738CD44B3EA0484C3B /* schrocken-logo-large.png in Resources */ = {isa = PBXBuildFile; fileRef = 8F6893C768BB4DDDA93464F7 /* schrocken-logo-large.png */; };
		99DBB74D0ACD410884AAFAA3 /* ic-email.svg in Resources */ = {isa = PBXBuildFile; fileRef = 9325C84BA06744878A5EA72B /* ic-email.svg */; };
		9C2CD4F84D224FA993ACF542 /* ic-cross-green-large.svg in Resources */ = {isa = PBXBuildFile; fileRef = 24D457C9626D4913AB8CA917 /* ic-cross-green-large.svg */; };
		A9DB4EFF5B9245C1AD92AA09 /* ic-meetings-active.svg in Resources */ = {isa = PBXBuildFile; fileRef = F8EA35F3105440BFB9DB52BF /* ic-meetings-active.svg */; };
		AA740502A0D04D079D63E9B7 /* libRNImgToBase64.a in Frameworks */ = {isa = PBXBuildFile; fileRef = 205F0D0A8F624CF5A561EC9B /* libRNImgToBase64.a */; };
		ADBDB9381DFEBF1600ED6528 /* libRCTBlob.a in Frameworks */ = {isa = PBXBuildFile; fileRef = ADBDB9271DFEBF0700ED6528 /* libRCTBlob.a */; };
		B007438A53544E4290F21BFC /* schrocken-logo-white-large.png in Resources */ = {isa = PBXBuildFile; fileRef = 9ACDF45A7C9E40C1A9166948 /* schrocken-logo-white-large.png */; };
		B44A6151DF7C40DE8F380CBA /* libRNGestureHandler.a in Frameworks */ = {isa = PBXBuildFile; fileRef = 729F1129117F4E3F9339FECA /* libRNGestureHandler.a */; };
		CF1482F6F50A44D694822147 /* FontAwesome.ttf in Resources */ = {isa = PBXBuildFile; fileRef = 119381A21A24466E950229D9 /* FontAwesome.ttf */; };
		CFD48D8896504F7FBBE3C3FA /* EvilIcons.ttf in Resources */ = {isa = PBXBuildFile; fileRef = FA14E942CE2E425C85E37193 /* EvilIcons.ttf */; };
		D0B1BBE9D76449F6AE139275 /* ic-chat.svg in Resources */ = {isa = PBXBuildFile; fileRef = 22C16BB4BDE7422F90B060A3 /* ic-chat.svg */; };
		D16D0AF24B104A2DBF392B49 /* ic-contact-phone.svg in Resources */ = {isa = PBXBuildFile; fileRef = 58D700BFA4DF40EBA55EC80A /* ic-contact-phone.svg */; };
		D7C7E835299F472AB78033E9 /* MaterialIcons.ttf in Resources */ = {isa = PBXBuildFile; fileRef = 8EAF4E9A601E45A3B62DB582 /* MaterialIcons.ttf */; };
		DAAD5C419DBB406780B63994 /* ic-add-meeting-alt-o.svg in Resources */ = {isa = PBXBuildFile; fileRef = BBF6E4AEB3AD4315AA58E4F5 /* ic-add-meeting-alt-o.svg */; };
		E1C4DA72DE234E7F9C3E3A49 /* ic-profile-inactive.svg in Resources */ = {isa = PBXBuildFile; fileRef = E7B21665632D45E9891D02E1 /* ic-profile-inactive.svg */; };
		E34B8BA5704A40EC84478E7D /* libRNBottomActionSheet.a in Frameworks */ = {isa = PBXBuildFile; fileRef = 6537EF3459954B21860EA04D /* libRNBottomActionSheet.a */; };
		E5D512D8AB4D462396DE97CD /* ic-logout.svg in Resources */ = {isa = PBXBuildFile; fileRef = A44E33BF3DFA431CB0A9D6A8 /* ic-logout.svg */; };
		E62964AF76784D34B83C513D /* ic-cross-red-large.svg in Resources */ = {isa = PBXBuildFile; fileRef = EAAE95945120487A83AFA291 /* ic-cross-red-large.svg */; };
		EB17151E8A2B45848E839C63 /* MaterialCommunityIcons.ttf in Resources */ = {isa = PBXBuildFile; fileRef = 2752807EB22749C2B0564CD1 /* MaterialCommunityIcons.ttf */; };
		F67F1A3C3EFE4C17BC7A933F /* libRNVectorIcons.a in Frameworks */ = {isa = PBXBuildFile; fileRef = D0B96ED3545C4B748D0BA5A8 /* libRNVectorIcons.a */; };
		F6A8EC9DD6CC4601A7C55151 /* ic-add-meeting.svg in Resources */ = {isa = PBXBuildFile; fileRef = 017AA380A6A64275A0FACF01 /* ic-add-meeting.svg */; };
		F9E3374E8202400C9FB68C7E /* Ionicons.ttf in Resources */ = {isa = PBXBuildFile; fileRef = 55AD5427BF9A4F25A61EC72B /* Ionicons.ttf */; };
/* End PBXBuildFile section */

/* Begin PBXContainerItemProxy section */
		00C302AB1ABCB8CE00DB3ED1 /* PBXContainerItemProxy */ = {
			isa = PBXContainerItemProxy;
			containerPortal = 00C302A71ABCB8CE00DB3ED1 /* RCTActionSheet.xcodeproj */;
			proxyType = 2;
			remoteGlobalIDString = 134814201AA4EA6300B7C361;
			remoteInfo = RCTActionSheet;
		};
		00C302B91ABCB90400DB3ED1 /* PBXContainerItemProxy */ = {
			isa = PBXContainerItemProxy;
			containerPortal = 00C302B51ABCB90400DB3ED1 /* RCTGeolocation.xcodeproj */;
			proxyType = 2;
			remoteGlobalIDString = 134814201AA4EA6300B7C361;
			remoteInfo = RCTGeolocation;
		};
		00C302BF1ABCB91800DB3ED1 /* PBXContainerItemProxy */ = {
			isa = PBXContainerItemProxy;
			containerPortal = 00C302BB1ABCB91800DB3ED1 /* RCTImage.xcodeproj */;
			proxyType = 2;
			remoteGlobalIDString = 58B5115D1A9E6B3D00147676;
			remoteInfo = RCTImage;
		};
		00C302DB1ABCB9D200DB3ED1 /* PBXContainerItemProxy */ = {
			isa = PBXContainerItemProxy;
			containerPortal = 00C302D31ABCB9D200DB3ED1 /* RCTNetwork.xcodeproj */;
			proxyType = 2;
			remoteGlobalIDString = 58B511DB1A9E6C8500147676;
			remoteInfo = RCTNetwork;
		};
		00C302E31ABCB9EE00DB3ED1 /* PBXContainerItemProxy */ = {
			isa = PBXContainerItemProxy;
			containerPortal = 00C302DF1ABCB9EE00DB3ED1 /* RCTVibration.xcodeproj */;
			proxyType = 2;
			remoteGlobalIDString = 832C81801AAF6DEF007FA2F7;
			remoteInfo = RCTVibration;
		};
		00E356F41AD99517003FC87E /* PBXContainerItemProxy */ = {
			isa = PBXContainerItemProxy;
			containerPortal = 83CBB9F71A601CBA00E9B192 /* Project object */;
			proxyType = 1;
			remoteGlobalIDString = 13B07F861A680F5B00A75B9A;
			remoteInfo = ConsentManagementApp;
		};
		139105C01AF99BAD00B5F7CC /* PBXContainerItemProxy */ = {
			isa = PBXContainerItemProxy;
			containerPortal = 139105B61AF99BAD00B5F7CC /* RCTSettings.xcodeproj */;
			proxyType = 2;
			remoteGlobalIDString = 134814201AA4EA6300B7C361;
			remoteInfo = RCTSettings;
		};
		139FDEF31B06529B00C62182 /* PBXContainerItemProxy */ = {
			isa = PBXContainerItemProxy;
			containerPortal = 139FDEE61B06529A00C62182 /* RCTWebSocket.xcodeproj */;
			proxyType = 2;
			remoteGlobalIDString = 3C86DF461ADF2C930047B81A;
			remoteInfo = RCTWebSocket;
		};
		146834031AC3E56700842450 /* PBXContainerItemProxy */ = {
			isa = PBXContainerItemProxy;
			containerPortal = 146833FF1AC3E56700842450 /* React.xcodeproj */;
			proxyType = 2;
			remoteGlobalIDString = 83CBBA2E1A601D0E00E9B192;
			remoteInfo = React;
		};
		2D16E6711FA4F8DC00B85C8A /* PBXContainerItemProxy */ = {
			isa = PBXContainerItemProxy;
			containerPortal = ADBDB91F1DFEBF0600ED6528 /* RCTBlob.xcodeproj */;
			proxyType = 2;
			remoteGlobalIDString = ADD01A681E09402E00F6D226;
			remoteInfo = "RCTBlob-tvOS";
		};
		2D16E6831FA4F8DC00B85C8A /* PBXContainerItemProxy */ = {
			isa = PBXContainerItemProxy;
			containerPortal = 139FDEE61B06529A00C62182 /* RCTWebSocket.xcodeproj */;
			proxyType = 2;
			remoteGlobalIDString = 3DBE0D001F3B181A0099AA32;
			remoteInfo = fishhook;
		};
		2D16E6851FA4F8DC00B85C8A /* PBXContainerItemProxy */ = {
			isa = PBXContainerItemProxy;
			containerPortal = 139FDEE61B06529A00C62182 /* RCTWebSocket.xcodeproj */;
			proxyType = 2;
			remoteGlobalIDString = 3DBE0D0D1F3B181C0099AA32;
			remoteInfo = "fishhook-tvOS";
		};
		2DF0FFDE2056DD460020B375 /* PBXContainerItemProxy */ = {
			isa = PBXContainerItemProxy;
			containerPortal = 146833FF1AC3E56700842450 /* React.xcodeproj */;
			proxyType = 2;
			remoteGlobalIDString = EBF21BDC1FC498900052F4D5;
			remoteInfo = jsinspector;
		};
		2DF0FFE02056DD460020B375 /* PBXContainerItemProxy */ = {
			isa = PBXContainerItemProxy;
			containerPortal = 146833FF1AC3E56700842450 /* React.xcodeproj */;
			proxyType = 2;
			remoteGlobalIDString = EBF21BFA1FC4989A0052F4D5;
			remoteInfo = "jsinspector-tvOS";
		};
		2DF0FFE22056DD460020B375 /* PBXContainerItemProxy */ = {
			isa = PBXContainerItemProxy;
			containerPortal = 146833FF1AC3E56700842450 /* React.xcodeproj */;
			proxyType = 2;
			remoteGlobalIDString = 139D7ECE1E25DB7D00323FB7;
			remoteInfo = "third-party";
		};
		2DF0FFE42056DD460020B375 /* PBXContainerItemProxy */ = {
			isa = PBXContainerItemProxy;
			containerPortal = 146833FF1AC3E56700842450 /* React.xcodeproj */;
			proxyType = 2;
			remoteGlobalIDString = 3D383D3C1EBD27B6005632C8;
			remoteInfo = "third-party-tvOS";
		};
		2DF0FFE62056DD460020B375 /* PBXContainerItemProxy */ = {
			isa = PBXContainerItemProxy;
			containerPortal = 146833FF1AC3E56700842450 /* React.xcodeproj */;
			proxyType = 2;
			remoteGlobalIDString = 139D7E881E25C6D100323FB7;
			remoteInfo = "double-conversion";
		};
		2DF0FFE82056DD460020B375 /* PBXContainerItemProxy */ = {
			isa = PBXContainerItemProxy;
			containerPortal = 146833FF1AC3E56700842450 /* React.xcodeproj */;
			proxyType = 2;
			remoteGlobalIDString = 3D383D621EBD27B9005632C8;
			remoteInfo = "double-conversion-tvOS";
		};
		2DF0FFEA2056DD460020B375 /* PBXContainerItemProxy */ = {
			isa = PBXContainerItemProxy;
			containerPortal = 146833FF1AC3E56700842450 /* React.xcodeproj */;
			proxyType = 2;
			remoteGlobalIDString = 9936F3131F5F2E4B0010BF04;
			remoteInfo = privatedata;
		};
		2DF0FFEC2056DD460020B375 /* PBXContainerItemProxy */ = {
			isa = PBXContainerItemProxy;
			containerPortal = 146833FF1AC3E56700842450 /* React.xcodeproj */;
			proxyType = 2;
			remoteGlobalIDString = 9936F32F1F5F2E5B0010BF04;
			remoteInfo = "privatedata-tvOS";
		};
		3DAD3E831DF850E9000B6D8A /* PBXContainerItemProxy */ = {
			isa = PBXContainerItemProxy;
			containerPortal = 00C302BB1ABCB91800DB3ED1 /* RCTImage.xcodeproj */;
			proxyType = 2;
			remoteGlobalIDString = 2D2A283A1D9B042B00D4039D;
			remoteInfo = "RCTImage-tvOS";
		};
		3DAD3E871DF850E9000B6D8A /* PBXContainerItemProxy */ = {
			isa = PBXContainerItemProxy;
			containerPortal = 78C398B01ACF4ADC00677621 /* RCTLinking.xcodeproj */;
			proxyType = 2;
			remoteGlobalIDString = 2D2A28471D9B043800D4039D;
			remoteInfo = "RCTLinking-tvOS";
		};
		3DAD3E8B1DF850E9000B6D8A /* PBXContainerItemProxy */ = {
			isa = PBXContainerItemProxy;
			containerPortal = 00C302D31ABCB9D200DB3ED1 /* RCTNetwork.xcodeproj */;
			proxyType = 2;
			remoteGlobalIDString = 2D2A28541D9B044C00D4039D;
			remoteInfo = "RCTNetwork-tvOS";
		};
		3DAD3E8F1DF850E9000B6D8A /* PBXContainerItemProxy */ = {
			isa = PBXContainerItemProxy;
			containerPortal = 139105B61AF99BAD00B5F7CC /* RCTSettings.xcodeproj */;
			proxyType = 2;
			remoteGlobalIDString = 2D2A28611D9B046600D4039D;
			remoteInfo = "RCTSettings-tvOS";
		};
		3DAD3E931DF850E9000B6D8A /* PBXContainerItemProxy */ = {
			isa = PBXContainerItemProxy;
			containerPortal = 832341B01AAA6A8300B99B32 /* RCTText.xcodeproj */;
			proxyType = 2;
			remoteGlobalIDString = 2D2A287B1D9B048500D4039D;
			remoteInfo = "RCTText-tvOS";
		};
		3DAD3E981DF850E9000B6D8A /* PBXContainerItemProxy */ = {
			isa = PBXContainerItemProxy;
			containerPortal = 139FDEE61B06529A00C62182 /* RCTWebSocket.xcodeproj */;
			proxyType = 2;
			remoteGlobalIDString = 2D2A28881D9B049200D4039D;
			remoteInfo = "RCTWebSocket-tvOS";
		};
		3DAD3EA21DF850E9000B6D8A /* PBXContainerItemProxy */ = {
			isa = PBXContainerItemProxy;
			containerPortal = 146833FF1AC3E56700842450 /* React.xcodeproj */;
			proxyType = 2;
			remoteGlobalIDString = 2D2A28131D9B038B00D4039D;
			remoteInfo = "React-tvOS";
		};
		3DAD3EA41DF850E9000B6D8A /* PBXContainerItemProxy */ = {
			isa = PBXContainerItemProxy;
			containerPortal = 146833FF1AC3E56700842450 /* React.xcodeproj */;
			proxyType = 2;
			remoteGlobalIDString = 3D3C059A1DE3340900C268FA;
			remoteInfo = yoga;
		};
		3DAD3EA61DF850E9000B6D8A /* PBXContainerItemProxy */ = {
			isa = PBXContainerItemProxy;
			containerPortal = 146833FF1AC3E56700842450 /* React.xcodeproj */;
			proxyType = 2;
			remoteGlobalIDString = 3D3C06751DE3340C00C268FA;
			remoteInfo = "yoga-tvOS";
		};
		3DAD3EA81DF850E9000B6D8A /* PBXContainerItemProxy */ = {
			isa = PBXContainerItemProxy;
			containerPortal = 146833FF1AC3E56700842450 /* React.xcodeproj */;
			proxyType = 2;
			remoteGlobalIDString = 3D3CD9251DE5FBEC00167DC4;
			remoteInfo = cxxreact;
		};
		3DAD3EAA1DF850E9000B6D8A /* PBXContainerItemProxy */ = {
			isa = PBXContainerItemProxy;
			containerPortal = 146833FF1AC3E56700842450 /* React.xcodeproj */;
			proxyType = 2;
			remoteGlobalIDString = 3D3CD9321DE5FBEE00167DC4;
			remoteInfo = "cxxreact-tvOS";
		};
		3DAD3EAC1DF850E9000B6D8A /* PBXContainerItemProxy */ = {
			isa = PBXContainerItemProxy;
			containerPortal = 146833FF1AC3E56700842450 /* React.xcodeproj */;
			proxyType = 2;
			remoteGlobalIDString = 3D3CD90B1DE5FBD600167DC4;
			remoteInfo = jschelpers;
		};
		3DAD3EAE1DF850E9000B6D8A /* PBXContainerItemProxy */ = {
			isa = PBXContainerItemProxy;
			containerPortal = 146833FF1AC3E56700842450 /* React.xcodeproj */;
			proxyType = 2;
			remoteGlobalIDString = 3D3CD9181DE5FBD800167DC4;
			remoteInfo = "jschelpers-tvOS";
		};
		5E9157321DD0AC6500FF2AA8 /* PBXContainerItemProxy */ = {
			isa = PBXContainerItemProxy;
			containerPortal = 5E91572D1DD0AC6500FF2AA8 /* RCTAnimation.xcodeproj */;
			proxyType = 2;
			remoteGlobalIDString = 134814201AA4EA6300B7C361;
			remoteInfo = RCTAnimation;
		};
		5E9157341DD0AC6500FF2AA8 /* PBXContainerItemProxy */ = {
			isa = PBXContainerItemProxy;
			containerPortal = 5E91572D1DD0AC6500FF2AA8 /* RCTAnimation.xcodeproj */;
			proxyType = 2;
			remoteGlobalIDString = 2D2A28201D9B03D100D4039D;
			remoteInfo = "RCTAnimation-tvOS";
		};
		78C398B81ACF4ADC00677621 /* PBXContainerItemProxy */ = {
			isa = PBXContainerItemProxy;
			containerPortal = 78C398B01ACF4ADC00677621 /* RCTLinking.xcodeproj */;
			proxyType = 2;
			remoteGlobalIDString = 134814201AA4EA6300B7C361;
			remoteInfo = RCTLinking;
		};
		832341B41AAA6A8300B99B32 /* PBXContainerItemProxy */ = {
			isa = PBXContainerItemProxy;
			containerPortal = 832341B01AAA6A8300B99B32 /* RCTText.xcodeproj */;
			proxyType = 2;
			remoteGlobalIDString = 58B5119B1A9E6C1200147676;
			remoteInfo = RCTText;
		};
		A74EBDCC220AC03100F9CD5E /* PBXContainerItemProxy */ = {
			isa = PBXContainerItemProxy;
			containerPortal = 556C6CDE51D24CD980E7D7A7 /* RNImagePicker.xcodeproj */;
			proxyType = 2;
			remoteGlobalIDString = 014A3B5C1C6CF33500B6D375;
			remoteInfo = RNImagePicker;
		};
		A7817E5221FC96D6005D9973 /* PBXContainerItemProxy */ = {
			isa = PBXContainerItemProxy;
			containerPortal = 06D704D24C5F4F59868E3E0C /* RNGestureHandler.xcodeproj */;
			proxyType = 2;
			remoteGlobalIDString = 134814201AA4EA6300B7C361;
			remoteInfo = RNGestureHandler;
		};
		A7817E8B21FC9732005D9973 /* PBXContainerItemProxy */ = {
			isa = PBXContainerItemProxy;
			containerPortal = 74EB0CEBA6894E488E33EDEC /* RNVectorIcons.xcodeproj */;
			proxyType = 2;
			remoteGlobalIDString = 5DBEB1501B18CEA900B34395;
			remoteInfo = RNVectorIcons;
		};
		A7817E8D21FC9732005D9973 /* PBXContainerItemProxy */ = {
			isa = PBXContainerItemProxy;
			containerPortal = 74EB0CEBA6894E488E33EDEC /* RNVectorIcons.xcodeproj */;
			proxyType = 2;
			remoteGlobalIDString = A39873CE1EA65EE60051E01A;
			remoteInfo = "RNVectorIcons-tvOS";
		};
		A7C221F82214B90C00A9A258 /* PBXContainerItemProxy */ = {
			isa = PBXContainerItemProxy;
			containerPortal = 7E515A82EE2644B182B99905 /* RNBottomActionSheet.xcodeproj */;
			proxyType = 2;
			remoteGlobalIDString = 134814201AA4EA6300B7C361;
			remoteInfo = RNBottomActionSheet;
		};
		A7C221FB2214B90C00A9A258 /* PBXContainerItemProxy */ = {
			isa = PBXContainerItemProxy;
			containerPortal = BC6EC838DAD04949ABA45875 /* RNImgToBase64.xcodeproj */;
			proxyType = 2;
			remoteGlobalIDString = 134814201AA4EA6300B7C361;
			remoteInfo = RNImgToBase64;
		};
		ADBDB9261DFEBF0700ED6528 /* PBXContainerItemProxy */ = {
			isa = PBXContainerItemProxy;
			containerPortal = ADBDB91F1DFEBF0600ED6528 /* RCTBlob.xcodeproj */;
			proxyType = 2;
			remoteGlobalIDString = 358F4ED71D1E81A9004DF814;
			remoteInfo = RCTBlob;
		};
/* End PBXContainerItemProxy section */

/* Begin PBXFileReference section */
		008F07F21AC5B25A0029DE68 /* main.jsbundle */ = {isa = PBXFileReference; fileEncoding = 4; lastKnownFileType = text; path = main.jsbundle; sourceTree = "<group>"; };
		00C302A71ABCB8CE00DB3ED1 /* RCTActionSheet.xcodeproj */ = {isa = PBXFileReference; lastKnownFileType = "wrapper.pb-project"; name = RCTActionSheet.xcodeproj; path = "../node_modules/react-native/Libraries/ActionSheetIOS/RCTActionSheet.xcodeproj"; sourceTree = "<group>"; };
		00C302B51ABCB90400DB3ED1 /* RCTGeolocation.xcodeproj */ = {isa = PBXFileReference; lastKnownFileType = "wrapper.pb-project"; name = RCTGeolocation.xcodeproj; path = "../node_modules/react-native/Libraries/Geolocation/RCTGeolocation.xcodeproj"; sourceTree = "<group>"; };
		00C302BB1ABCB91800DB3ED1 /* RCTImage.xcodeproj */ = {isa = PBXFileReference; lastKnownFileType = "wrapper.pb-project"; name = RCTImage.xcodeproj; path = "../node_modules/react-native/Libraries/Image/RCTImage.xcodeproj"; sourceTree = "<group>"; };
		00C302D31ABCB9D200DB3ED1 /* RCTNetwork.xcodeproj */ = {isa = PBXFileReference; lastKnownFileType = "wrapper.pb-project"; name = RCTNetwork.xcodeproj; path = "../node_modules/react-native/Libraries/Network/RCTNetwork.xcodeproj"; sourceTree = "<group>"; };
		00C302DF1ABCB9EE00DB3ED1 /* RCTVibration.xcodeproj */ = {isa = PBXFileReference; lastKnownFileType = "wrapper.pb-project"; name = RCTVibration.xcodeproj; path = "../node_modules/react-native/Libraries/Vibration/RCTVibration.xcodeproj"; sourceTree = "<group>"; };
		00E356EE1AD99517003FC87E /* ConsentManagementAppTests.xctest */ = {isa = PBXFileReference; explicitFileType = wrapper.cfbundle; includeInIndex = 0; path = ConsentManagementAppTests.xctest; sourceTree = BUILT_PRODUCTS_DIR; };
		00E356F11AD99517003FC87E /* Info.plist */ = {isa = PBXFileReference; lastKnownFileType = text.plist.xml; path = Info.plist; sourceTree = "<group>"; };
		00E356F21AD99517003FC87E /* ConsentManagementAppTests.m */ = {isa = PBXFileReference; lastKnownFileType = sourcecode.c.objc; path = ConsentManagementAppTests.m; sourceTree = "<group>"; };
		017AA380A6A64275A0FACF01 /* ic-add-meeting.svg */ = {isa = PBXFileReference; explicitFileType = undefined; fileEncoding = 9; includeInIndex = 0; lastKnownFileType = unknown; name = "ic-add-meeting.svg"; path = "../assets/ic-add-meeting.svg"; sourceTree = "<group>"; };
		06D704D24C5F4F59868E3E0C /* RNGestureHandler.xcodeproj */ = {isa = PBXFileReference; explicitFileType = undefined; fileEncoding = 9; includeInIndex = 0; lastKnownFileType = "wrapper.pb-project"; name = RNGestureHandler.xcodeproj; path = "../node_modules/react-native-gesture-handler/ios/RNGestureHandler.xcodeproj"; sourceTree = "<group>"; };
		0EF642FD32E941C2AA8CE2A7 /* RCTMaterialKit.xcodeproj */ = {isa = PBXFileReference; explicitFileType = undefined; fileEncoding = 9; includeInIndex = 0; lastKnownFileType = "wrapper.pb-project"; name = RCTMaterialKit.xcodeproj; path = "../node_modules/react-native-material-kit/iOS/RCTMaterialKit.xcodeproj"; sourceTree = "<group>"; };
		119381A21A24466E950229D9 /* FontAwesome.ttf */ = {isa = PBXFileReference; explicitFileType = undefined; fileEncoding = 9; includeInIndex = 0; lastKnownFileType = unknown; name = FontAwesome.ttf; path = "../node_modules/react-native-vector-icons/Fonts/FontAwesome.ttf"; sourceTree = "<group>"; };
		139105B61AF99BAD00B5F7CC /* RCTSettings.xcodeproj */ = {isa = PBXFileReference; lastKnownFileType = "wrapper.pb-project"; name = RCTSettings.xcodeproj; path = "../node_modules/react-native/Libraries/Settings/RCTSettings.xcodeproj"; sourceTree = "<group>"; };
		139FDEE61B06529A00C62182 /* RCTWebSocket.xcodeproj */ = {isa = PBXFileReference; lastKnownFileType = "wrapper.pb-project"; name = RCTWebSocket.xcodeproj; path = "../node_modules/react-native/Libraries/WebSocket/RCTWebSocket.xcodeproj"; sourceTree = "<group>"; };
		13B07F961A680F5B00A75B9A /* ConsentManagementApp.app */ = {isa = PBXFileReference; explicitFileType = wrapper.application; includeInIndex = 0; path = ConsentManagementApp.app; sourceTree = BUILT_PRODUCTS_DIR; };
		13B07FAF1A68108700A75B9A /* AppDelegate.h */ = {isa = PBXFileReference; fileEncoding = 4; lastKnownFileType = sourcecode.c.h; name = AppDelegate.h; path = ConsentManagementApp/AppDelegate.h; sourceTree = "<group>"; };
		13B07FB01A68108700A75B9A /* AppDelegate.m */ = {isa = PBXFileReference; fileEncoding = 4; lastKnownFileType = sourcecode.c.objc; name = AppDelegate.m; path = ConsentManagementApp/AppDelegate.m; sourceTree = "<group>"; };
		13B07FB21A68108700A75B9A /* Base */ = {isa = PBXFileReference; lastKnownFileType = file.xib; name = Base; path = Base.lproj/LaunchScreen.xib; sourceTree = "<group>"; };
		13B07FB51A68108700A75B9A /* Images.xcassets */ = {isa = PBXFileReference; lastKnownFileType = folder.assetcatalog; name = Images.xcassets; path = ConsentManagementApp/Images.xcassets; sourceTree = "<group>"; };
		13B07FB61A68108700A75B9A /* Info.plist */ = {isa = PBXFileReference; fileEncoding = 4; lastKnownFileType = text.plist.xml; name = Info.plist; path = ConsentManagementApp/Info.plist; sourceTree = "<group>"; };
		13B07FB71A68108700A75B9A /* main.m */ = {isa = PBXFileReference; fileEncoding = 4; lastKnownFileType = sourcecode.c.objc; name = main.m; path = ConsentManagementApp/main.m; sourceTree = "<group>"; };
		146833FF1AC3E56700842450 /* React.xcodeproj */ = {isa = PBXFileReference; lastKnownFileType = "wrapper.pb-project"; name = React.xcodeproj; path = "../node_modules/react-native/React/React.xcodeproj"; sourceTree = "<group>"; };
		1796A13096F9488C8F25E983 /* ic-arrow-right-alt.svg */ = {isa = PBXFileReference; explicitFileType = undefined; fileEncoding = 9; includeInIndex = 0; lastKnownFileType = unknown; name = "ic-arrow-right-alt.svg"; path = "../assets/ic-arrow-right-alt.svg"; sourceTree = "<group>"; };
		205F0D0A8F624CF5A561EC9B /* libRNImgToBase64.a */ = {isa = PBXFileReference; explicitFileType = undefined; fileEncoding = 9; includeInIndex = 0; lastKnownFileType = archive.ar; path = libRNImgToBase64.a; sourceTree = "<group>"; };
		206F64ED9CCC421CB3FD5E0A /* web_hi_res_512.png */ = {isa = PBXFileReference; explicitFileType = undefined; fileEncoding = 9; includeInIndex = 0; lastKnownFileType = unknown; name = web_hi_res_512.png; path = ../assets/web_hi_res_512.png; sourceTree = "<group>"; };
		215A1925245E41A5BEE3CEE9 /* ic-blockchain.png */ = {isa = PBXFileReference; explicitFileType = undefined; fileEncoding = 9; includeInIndex = 0; lastKnownFileType = unknown; name = "ic-blockchain.png"; path = "../assets/ic-blockchain.png"; sourceTree = "<group>"; };
		22C16BB4BDE7422F90B060A3 /* ic-chat.svg */ = {isa = PBXFileReference; explicitFileType = undefined; fileEncoding = 9; includeInIndex = 0; lastKnownFileType = unknown; name = "ic-chat.svg"; path = "../assets/ic-chat.svg"; sourceTree = "<group>"; };
		24D457C9626D4913AB8CA917 /* ic-cross-green-large.svg */ = {isa = PBXFileReference; explicitFileType = undefined; fileEncoding = 9; includeInIndex = 0; lastKnownFileType = unknown; name = "ic-cross-green-large.svg"; path = "../assets/ic-cross-green-large.svg"; sourceTree = "<group>"; };
		27069F31FDD04A23B66F299C /* SimpleLineIcons.ttf */ = {isa = PBXFileReference; explicitFileType = undefined; fileEncoding = 9; includeInIndex = 0; lastKnownFileType = unknown; name = SimpleLineIcons.ttf; path = "../node_modules/react-native-vector-icons/Fonts/SimpleLineIcons.ttf"; sourceTree = "<group>"; };
		2752807EB22749C2B0564CD1 /* MaterialCommunityIcons.ttf */ = {isa = PBXFileReference; explicitFileType = undefined; fileEncoding = 9; includeInIndex = 0; lastKnownFileType = unknown; name = MaterialCommunityIcons.ttf; path = "../node_modules/react-native-vector-icons/Fonts/MaterialCommunityIcons.ttf"; sourceTree = "<group>"; };
		2D16E6891FA4F8E400B85C8A /* libReact.a */ = {isa = PBXFileReference; explicitFileType = archive.ar; path = libReact.a; sourceTree = BUILT_PRODUCTS_DIR; };
		34C0FB08611842B8AFF529A3 /* ic-view-details.svg */ = {isa = PBXFileReference; explicitFileType = undefined; fileEncoding = 9; includeInIndex = 0; lastKnownFileType = unknown; name = "ic-view-details.svg"; path = "../assets/ic-view-details.svg"; sourceTree = "<group>"; };
		35D549736A994C65ADBA5131 /* FontAwesome5_Regular.ttf */ = {isa = PBXFileReference; explicitFileType = undefined; fileEncoding = 9; includeInIndex = 0; lastKnownFileType = unknown; name = FontAwesome5_Regular.ttf; path = "../node_modules/react-native-vector-icons/Fonts/FontAwesome5_Regular.ttf"; sourceTree = "<group>"; };
		396E38E984524889B2B2399C /* ic-cross-white-small.svg */ = {isa = PBXFileReference; explicitFileType = undefined; fileEncoding = 9; includeInIndex = 0; lastKnownFileType = unknown; name = "ic-cross-white-small.svg"; path = "../assets/ic-cross-white-small.svg"; sourceTree = "<group>"; };
		4263A96133C64B12B9E8DC6A /* ic-arrow-left.svg */ = {isa = PBXFileReference; explicitFileType = undefined; fileEncoding = 9; includeInIndex = 0; lastKnownFileType = unknown; name = "ic-arrow-left.svg"; path = "../assets/ic-arrow-left.svg"; sourceTree = "<group>"; };
		4CCE10B3ED9F4C5BB497470D /* ic-arrow-left-alt.svg */ = {isa = PBXFileReference; explicitFileType = undefined; fileEncoding = 9; includeInIndex = 0; lastKnownFileType = unknown; name = "ic-arrow-left-alt.svg"; path = "../assets/ic-arrow-left-alt.svg"; sourceTree = "<group>"; };
		4F208E5FA3204B039D7BAC15 /* ic-tick-white-small.svg */ = {isa = PBXFileReference; explicitFileType = undefined; fileEncoding = 9; includeInIndex = 0; lastKnownFileType = unknown; name = "ic-tick-white-small.svg"; path = "../assets/ic-tick-white-small.svg"; sourceTree = "<group>"; };
		556C6CDE51D24CD980E7D7A7 /* RNImagePicker.xcodeproj */ = {isa = PBXFileReference; explicitFileType = undefined; fileEncoding = 9; includeInIndex = 0; lastKnownFileType = "wrapper.pb-project"; name = RNImagePicker.xcodeproj; path = "../node_modules/react-native-image-picker/ios/RNImagePicker.xcodeproj"; sourceTree = "<group>"; };
		55AD5427BF9A4F25A61EC72B /* Ionicons.ttf */ = {isa = PBXFileReference; explicitFileType = undefined; fileEncoding = 9; includeInIndex = 0; lastKnownFileType = unknown; name = Ionicons.ttf; path = "../node_modules/react-native-vector-icons/Fonts/Ionicons.ttf"; sourceTree = "<group>"; };
		587B5D6F7B1B4DA1AF4DE74B /* ic-location-flag.svg */ = {isa = PBXFileReference; explicitFileType = undefined; fileEncoding = 9; includeInIndex = 0; lastKnownFileType = unknown; name = "ic-location-flag.svg"; path = "../assets/ic-location-flag.svg"; sourceTree = "<group>"; };
		58D700BFA4DF40EBA55EC80A /* ic-contact-phone.svg */ = {isa = PBXFileReference; explicitFileType = undefined; fileEncoding = 9; includeInIndex = 0; lastKnownFileType = unknown; name = "ic-contact-phone.svg"; path = "../assets/ic-contact-phone.svg"; sourceTree = "<group>"; };
		5E91572D1DD0AC6500FF2AA8 /* RCTAnimation.xcodeproj */ = {isa = PBXFileReference; lastKnownFileType = "wrapper.pb-project"; name = RCTAnimation.xcodeproj; path = "../node_modules/react-native/Libraries/NativeAnimation/RCTAnimation.xcodeproj"; sourceTree = "<group>"; };
		612BA27040FE41E781A3EEA1 /* ic-menu.svg */ = {isa = PBXFileReference; explicitFileType = undefined; fileEncoding = 9; includeInIndex = 0; lastKnownFileType = unknown; name = "ic-menu.svg"; path = "../assets/ic-menu.svg"; sourceTree = "<group>"; };
		632ED54E9B644A40808570B6 /* Foundation.ttf */ = {isa = PBXFileReference; explicitFileType = undefined; fileEncoding = 9; includeInIndex = 0; lastKnownFileType = unknown; name = Foundation.ttf; path = "../node_modules/react-native-vector-icons/Fonts/Foundation.ttf"; sourceTree = "<group>"; };
		6424F956CBD94F6E82E1A6BB /* ic-chat-active.svg */ = {isa = PBXFileReference; explicitFileType = undefined; fileEncoding = 9; includeInIndex = 0; lastKnownFileType = unknown; name = "ic-chat-active.svg"; path = "../assets/ic-chat-active.svg"; sourceTree = "<group>"; };
		6537EF3459954B21860EA04D /* libRNBottomActionSheet.a */ = {isa = PBXFileReference; explicitFileType = undefined; fileEncoding = 9; includeInIndex = 0; lastKnownFileType = archive.ar; path = libRNBottomActionSheet.a; sourceTree = "<group>"; };
		729F1129117F4E3F9339FECA /* libRNGestureHandler.a */ = {isa = PBXFileReference; explicitFileType = undefined; fileEncoding = 9; includeInIndex = 0; lastKnownFileType = archive.ar; path = libRNGestureHandler.a; sourceTree = "<group>"; };
		7316B2BC4BD94E0BB5C37E1D /* ic-dashboard-active.svg */ = {isa = PBXFileReference; explicitFileType = undefined; fileEncoding = 9; includeInIndex = 0; lastKnownFileType = unknown; name = "ic-dashboard-active.svg"; path = "../assets/ic-dashboard-active.svg"; sourceTree = "<group>"; };
		74EB0CEBA6894E488E33EDEC /* RNVectorIcons.xcodeproj */ = {isa = PBXFileReference; explicitFileType = undefined; fileEncoding = 9; includeInIndex = 0; lastKnownFileType = "wrapper.pb-project"; name = RNVectorIcons.xcodeproj; path = "../node_modules/react-native-vector-icons/RNVectorIcons.xcodeproj"; sourceTree = "<group>"; };
		75C13892A83646EDB9BB3E24 /* ic-add-new.svg */ = {isa = PBXFileReference; explicitFileType = undefined; fileEncoding = 9; includeInIndex = 0; lastKnownFileType = unknown; name = "ic-add-new.svg"; path = "../assets/ic-add-new.svg"; sourceTree = "<group>"; };
		78C398B01ACF4ADC00677621 /* RCTLinking.xcodeproj */ = {isa = PBXFileReference; lastKnownFileType = "wrapper.pb-project"; name = RCTLinking.xcodeproj; path = "../node_modules/react-native/Libraries/LinkingIOS/RCTLinking.xcodeproj"; sourceTree = "<group>"; };
		7CF85208D4D645D68973E8C6 /* ic-contacts-active.svg */ = {isa = PBXFileReference; explicitFileType = undefined; fileEncoding = 9; includeInIndex = 0; lastKnownFileType = unknown; name = "ic-contacts-active.svg"; path = "../assets/ic-contacts-active.svg"; sourceTree = "<group>"; };
		7E515A82EE2644B182B99905 /* RNBottomActionSheet.xcodeproj */ = {isa = PBXFileReference; explicitFileType = undefined; fileEncoding = 9; includeInIndex = 0; lastKnownFileType = "wrapper.pb-project"; name = RNBottomActionSheet.xcodeproj; path = "../node_modules/react-native-bottom-action-sheet/ios/RNBottomActionSheet.xcodeproj"; sourceTree = "<group>"; };
		832341B01AAA6A8300B99B32 /* RCTText.xcodeproj */ = {isa = PBXFileReference; lastKnownFileType = "wrapper.pb-project"; name = RCTText.xcodeproj; path = "../node_modules/react-native/Libraries/Text/RCTText.xcodeproj"; sourceTree = "<group>"; };
		88B5F3A7A7E440E6ADE987AC /* ic-right-arrow-o.svg */ = {isa = PBXFileReference; explicitFileType = undefined; fileEncoding = 9; includeInIndex = 0; lastKnownFileType = unknown; name = "ic-right-arrow-o.svg"; path = "../assets/ic-right-arrow-o.svg"; sourceTree = "<group>"; };
		8A937F9BAA2647DE886DE6CB /* Entypo.ttf */ = {isa = PBXFileReference; explicitFileType = undefined; fileEncoding = 9; includeInIndex = 0; lastKnownFileType = unknown; name = Entypo.ttf; path = "../node_modules/react-native-vector-icons/Fonts/Entypo.ttf"; sourceTree = "<group>"; };
		8BCE9D61591C4600A3595BAB /* ic-trashcan.svg */ = {isa = PBXFileReference; explicitFileType = undefined; fileEncoding = 9; includeInIndex = 0; lastKnownFileType = unknown; name = "ic-trashcan.svg"; path = "../assets/ic-trashcan.svg"; sourceTree = "<group>"; };
		8EAF4E9A601E45A3B62DB582 /* MaterialIcons.ttf */ = {isa = PBXFileReference; explicitFileType = undefined; fileEncoding = 9; includeInIndex = 0; lastKnownFileType = unknown; name = MaterialIcons.ttf; path = "../node_modules/react-native-vector-icons/Fonts/MaterialIcons.ttf"; sourceTree = "<group>"; };
		8F6893C768BB4DDDA93464F7 /* schrocken-logo-large.png */ = {isa = PBXFileReference; explicitFileType = undefined; fileEncoding = 9; includeInIndex = 0; lastKnownFileType = unknown; name = "schrocken-logo-large.png"; path = "../assets/schrocken-logo-large.png"; sourceTree = "<group>"; };
		9325C84BA06744878A5EA72B /* ic-email.svg */ = {isa = PBXFileReference; explicitFileType = undefined; fileEncoding = 9; includeInIndex = 0; lastKnownFileType = unknown; name = "ic-email.svg"; path = "../assets/ic-email.svg"; sourceTree = "<group>"; };
		9ACDF45A7C9E40C1A9166948 /* schrocken-logo-white-large.png */ = {isa = PBXFileReference; explicitFileType = undefined; fileEncoding = 9; includeInIndex = 0; lastKnownFileType = unknown; name = "schrocken-logo-white-large.png"; path = "../assets/schrocken-logo-white-large.png"; sourceTree = "<group>"; };
		A42EDC63511843718E47819E /* libRNVectorIcons-tvOS.a */ = {isa = PBXFileReference; explicitFileType = undefined; fileEncoding = 9; includeInIndex = 0; lastKnownFileType = archive.ar; path = "libRNVectorIcons-tvOS.a"; sourceTree = "<group>"; };
		A44E33BF3DFA431CB0A9D6A8 /* ic-logout.svg */ = {isa = PBXFileReference; explicitFileType = undefined; fileEncoding = 9; includeInIndex = 0; lastKnownFileType = unknown; name = "ic-logout.svg"; path = "../assets/ic-logout.svg"; sourceTree = "<group>"; };
		AADB41CE56F0488FB6A7F2C6 /* usericon.svg */ = {isa = PBXFileReference; explicitFileType = undefined; fileEncoding = 9; includeInIndex = 0; lastKnownFileType = unknown; name = usericon.svg; path = ../assets/usericon.svg; sourceTree = "<group>"; };
		ACCF66C6E7F945E88DDD31DE /* AntDesign.ttf */ = {isa = PBXFileReference; explicitFileType = undefined; fileEncoding = 9; includeInIndex = 0; lastKnownFileType = unknown; name = AntDesign.ttf; path = "../node_modules/react-native-vector-icons/Fonts/AntDesign.ttf"; sourceTree = "<group>"; };
		ADBDB91F1DFEBF0600ED6528 /* RCTBlob.xcodeproj */ = {isa = PBXFileReference; lastKnownFileType = "wrapper.pb-project"; name = RCTBlob.xcodeproj; path = "../node_modules/react-native/Libraries/Blob/RCTBlob.xcodeproj"; sourceTree = "<group>"; };
		B511F388C5F3421E9B2122CF /* Octicons.ttf */ = {isa = PBXFileReference; explicitFileType = undefined; fileEncoding = 9; includeInIndex = 0; lastKnownFileType = unknown; name = Octicons.ttf; path = "../node_modules/react-native-vector-icons/Fonts/Octicons.ttf"; sourceTree = "<group>"; };
		B7035211DDA34436A298FDEE /* ic-profile-active.svg */ = {isa = PBXFileReference; explicitFileType = undefined; fileEncoding = 9; includeInIndex = 0; lastKnownFileType = unknown; name = "ic-profile-active.svg"; path = "../assets/ic-profile-active.svg"; sourceTree = "<group>"; };
		B737468D65F442258FE1B79F /* locked-padlock.svg */ = {isa = PBXFileReference; explicitFileType = undefined; fileEncoding = 9; includeInIndex = 0; lastKnownFileType = unknown; name = "locked-padlock.svg"; path = "../assets/locked-padlock.svg"; sourceTree = "<group>"; };
		B93E79FDA05549138B23CC66 /* ic-add-contact-alt-o.svg */ = {isa = PBXFileReference; explicitFileType = undefined; fileEncoding = 9; includeInIndex = 0; lastKnownFileType = unknown; name = "ic-add-contact-alt-o.svg"; path = "../assets/ic-add-contact-alt-o.svg"; sourceTree = "<group>"; };
		BBF6E4AEB3AD4315AA58E4F5 /* ic-add-meeting-alt-o.svg */ = {isa = PBXFileReference; explicitFileType = undefined; fileEncoding = 9; includeInIndex = 0; lastKnownFileType = unknown; name = "ic-add-meeting-alt-o.svg"; path = "../assets/ic-add-meeting-alt-o.svg"; sourceTree = "<group>"; };
		BC6EC838DAD04949ABA45875 /* RNImgToBase64.xcodeproj */ = {isa = PBXFileReference; explicitFileType = undefined; fileEncoding = 9; includeInIndex = 0; lastKnownFileType = "wrapper.pb-project"; name = RNImgToBase64.xcodeproj; path = "../node_modules/react-native-image-base64/ios/RNImgToBase64.xcodeproj"; sourceTree = "<group>"; };
		BE155F5D4B32471589538184 /* libRNImagePicker.a */ = {isa = PBXFileReference; explicitFileType = undefined; fileEncoding = 9; includeInIndex = 0; lastKnownFileType = archive.ar; path = libRNImagePicker.a; sourceTree = "<group>"; };
		C55CED9A0C73462C868F67C9 /* ic-meetings.svg */ = {isa = PBXFileReference; explicitFileType = undefined; fileEncoding = 9; includeInIndex = 0; lastKnownFileType = unknown; name = "ic-meetings.svg"; path = "../assets/ic-meetings.svg"; sourceTree = "<group>"; };
		D0214C8E55E4409FBBE72CE3 /* ic-contacts-inactive.svg */ = {isa = PBXFileReference; explicitFileType = undefined; fileEncoding = 9; includeInIndex = 0; lastKnownFileType = unknown; name = "ic-contacts-inactive.svg"; path = "../assets/ic-contacts-inactive.svg"; sourceTree = "<group>"; };
		D0B96ED3545C4B748D0BA5A8 /* libRNVectorIcons.a */ = {isa = PBXFileReference; explicitFileType = undefined; fileEncoding = 9; includeInIndex = 0; lastKnownFileType = archive.ar; path = libRNVectorIcons.a; sourceTree = "<group>"; };
		D1E365B33E014163B6660EBA /* ic-left-arrow-o.svg */ = {isa = PBXFileReference; explicitFileType = undefined; fileEncoding = 9; includeInIndex = 0; lastKnownFileType = unknown; name = "ic-left-arrow-o.svg"; path = "../assets/ic-left-arrow-o.svg"; sourceTree = "<group>"; };
		D75629E248984F1E9F8D4EDA /* Feather.ttf */ = {isa = PBXFileReference; explicitFileType = undefined; fileEncoding = 9; includeInIndex = 0; lastKnownFileType = unknown; name = Feather.ttf; path = "../node_modules/react-native-vector-icons/Fonts/Feather.ttf"; sourceTree = "<group>"; };
		D9979C750FD44BAEB8E334E5 /* ic-hyperledger.png */ = {isa = PBXFileReference; explicitFileType = undefined; fileEncoding = 9; includeInIndex = 0; lastKnownFileType = unknown; name = "ic-hyperledger.png"; path = "../assets/ic-hyperledger.png"; sourceTree = "<group>"; };
		E2F7987641614666867C09E2 /* ic-dashboard-inactive.svg */ = {isa = PBXFileReference; explicitFileType = undefined; fileEncoding = 9; includeInIndex = 0; lastKnownFileType = unknown; name = "ic-dashboard-inactive.svg"; path = "../assets/ic-dashboard-inactive.svg"; sourceTree = "<group>"; };
		E4DD1D8410B14E729C83687E /* ic-delete.svg */ = {isa = PBXFileReference; explicitFileType = undefined; fileEncoding = 9; includeInIndex = 0; lastKnownFileType = unknown; name = "ic-delete.svg"; path = "../assets/ic-delete.svg"; sourceTree = "<group>"; };
		E548A22CADD8443195D0204B /* FontAwesome5_Solid.ttf */ = {isa = PBXFileReference; explicitFileType = undefined; fileEncoding = 9; includeInIndex = 0; lastKnownFileType = unknown; name = FontAwesome5_Solid.ttf; path = "../node_modules/react-native-vector-icons/Fonts/FontAwesome5_Solid.ttf"; sourceTree = "<group>"; };
		E7B21665632D45E9891D02E1 /* ic-profile-inactive.svg */ = {isa = PBXFileReference; explicitFileType = undefined; fileEncoding = 9; includeInIndex = 0; lastKnownFileType = unknown; name = "ic-profile-inactive.svg"; path = "../assets/ic-profile-inactive.svg"; sourceTree = "<group>"; };
		E8824E90CA044F5986DCB999 /* libRCTMaterialKit.a */ = {isa = PBXFileReference; explicitFileType = undefined; fileEncoding = 9; includeInIndex = 0; lastKnownFileType = archive.ar; path = libRCTMaterialKit.a; sourceTree = "<group>"; };
		E8B8E1758AB649C5B0D0994A /* ic-hashtag.svg */ = {isa = PBXFileReference; explicitFileType = undefined; fileEncoding = 9; includeInIndex = 0; lastKnownFileType = unknown; name = "ic-hashtag.svg"; path = "../assets/ic-hashtag.svg"; sourceTree = "<group>"; };
		E9F535125A0E408C9551D51A /* FontAwesome5_Brands.ttf */ = {isa = PBXFileReference; explicitFileType = undefined; fileEncoding = 9; includeInIndex = 0; lastKnownFileType = unknown; name = FontAwesome5_Brands.ttf; path = "../node_modules/react-native-vector-icons/Fonts/FontAwesome5_Brands.ttf"; sourceTree = "<group>"; };
		EAAE95945120487A83AFA291 /* ic-cross-red-large.svg */ = {isa = PBXFileReference; explicitFileType = undefined; fileEncoding = 9; includeInIndex = 0; lastKnownFileType = unknown; name = "ic-cross-red-large.svg"; path = "../assets/ic-cross-red-large.svg"; sourceTree = "<group>"; };
		F203D6B9D03A4C7A9CEEA9AC /* ic-add-contact.svg */ = {isa = PBXFileReference; explicitFileType = undefined; fileEncoding = 9; includeInIndex = 0; lastKnownFileType = unknown; name = "ic-add-contact.svg"; path = "../assets/ic-add-contact.svg"; sourceTree = "<group>"; };
		F2919E6FD3AF486CAEA80056 /* Zocial.ttf */ = {isa = PBXFileReference; explicitFileType = undefined; fileEncoding = 9; includeInIndex = 0; lastKnownFileType = unknown; name = Zocial.ttf; path = "../node_modules/react-native-vector-icons/Fonts/Zocial.ttf"; sourceTree = "<group>"; };
		F8EA35F3105440BFB9DB52BF /* ic-meetings-active.svg */ = {isa = PBXFileReference; explicitFileType = undefined; fileEncoding = 9; includeInIndex = 0; lastKnownFileType = unknown; name = "ic-meetings-active.svg"; path = "../assets/ic-meetings-active.svg"; sourceTree = "<group>"; };
		FA14E942CE2E425C85E37193 /* EvilIcons.ttf */ = {isa = PBXFileReference; explicitFileType = undefined; fileEncoding = 9; includeInIndex = 0; lastKnownFileType = unknown; name = EvilIcons.ttf; path = "../node_modules/react-native-vector-icons/Fonts/EvilIcons.ttf"; sourceTree = "<group>"; };
/* End PBXFileReference section */

/* Begin PBXFrameworksBuildPhase section */
		00E356EB1AD99517003FC87E /* Frameworks */ = {
			isa = PBXFrameworksBuildPhase;
			buildActionMask = 2147483647;
			files = (
				140ED2AC1D01E1AD002B40FF /* libReact.a in Frameworks */,
			);
			runOnlyForDeploymentPostprocessing = 0;
		};
		13B07F8C1A680F5B00A75B9A /* Frameworks */ = {
			isa = PBXFrameworksBuildPhase;
			buildActionMask = 2147483647;
			files = (
				ADBDB9381DFEBF1600ED6528 /* libRCTBlob.a in Frameworks */,
				11D1A2F320CAFA9E000508D9 /* libRCTAnimation.a in Frameworks */,
				146834051AC3E58100842450 /* libReact.a in Frameworks */,
				00C302E51ABCBA2D00DB3ED1 /* libRCTActionSheet.a in Frameworks */,
				00C302E71ABCBA2D00DB3ED1 /* libRCTGeolocation.a in Frameworks */,
				00C302E81ABCBA2D00DB3ED1 /* libRCTImage.a in Frameworks */,
				133E29F31AD74F7200F7D852 /* libRCTLinking.a in Frameworks */,
				00C302E91ABCBA2D00DB3ED1 /* libRCTNetwork.a in Frameworks */,
				139105C61AF99C1200B5F7CC /* libRCTSettings.a in Frameworks */,
				832341BD1AAA6AB300B99B32 /* libRCTText.a in Frameworks */,
				00C302EA1ABCBA2D00DB3ED1 /* libRCTVibration.a in Frameworks */,
				139FDEF61B0652A700C62182 /* libRCTWebSocket.a in Frameworks */,
				B44A6151DF7C40DE8F380CBA /* libRNGestureHandler.a in Frameworks */,
				F67F1A3C3EFE4C17BC7A933F /* libRNVectorIcons.a in Frameworks */,
				73D77A62911745C59A56568F /* libRNImagePicker.a in Frameworks */,
				E34B8BA5704A40EC84478E7D /* libRNBottomActionSheet.a in Frameworks */,
				AA740502A0D04D079D63E9B7 /* libRNImgToBase64.a in Frameworks */,
			);
			runOnlyForDeploymentPostprocessing = 0;
		};
/* End PBXFrameworksBuildPhase section */

/* Begin PBXGroup section */
		00C302A81ABCB8CE00DB3ED1 /* Products */ = {
			isa = PBXGroup;
			children = (
				00C302AC1ABCB8CE00DB3ED1 /* libRCTActionSheet.a */,
			);
			name = Products;
			sourceTree = "<group>";
		};
		00C302B61ABCB90400DB3ED1 /* Products */ = {
			isa = PBXGroup;
			children = (
				00C302BA1ABCB90400DB3ED1 /* libRCTGeolocation.a */,
			);
			name = Products;
			sourceTree = "<group>";
		};
		00C302BC1ABCB91800DB3ED1 /* Products */ = {
			isa = PBXGroup;
			children = (
				00C302C01ABCB91800DB3ED1 /* libRCTImage.a */,
				3DAD3E841DF850E9000B6D8A /* libRCTImage-tvOS.a */,
			);
			name = Products;
			sourceTree = "<group>";
		};
		00C302D41ABCB9D200DB3ED1 /* Products */ = {
			isa = PBXGroup;
			children = (
				00C302DC1ABCB9D200DB3ED1 /* libRCTNetwork.a */,
				3DAD3E8C1DF850E9000B6D8A /* libRCTNetwork-tvOS.a */,
			);
			name = Products;
			sourceTree = "<group>";
		};
		00C302E01ABCB9EE00DB3ED1 /* Products */ = {
			isa = PBXGroup;
			children = (
				00C302E41ABCB9EE00DB3ED1 /* libRCTVibration.a */,
			);
			name = Products;
			sourceTree = "<group>";
		};
		00E356EF1AD99517003FC87E /* ConsentManagementAppTests */ = {
			isa = PBXGroup;
			children = (
				00E356F21AD99517003FC87E /* ConsentManagementAppTests.m */,
				00E356F01AD99517003FC87E /* Supporting Files */,
			);
			path = ConsentManagementAppTests;
			sourceTree = "<group>";
		};
		00E356F01AD99517003FC87E /* Supporting Files */ = {
			isa = PBXGroup;
			children = (
				00E356F11AD99517003FC87E /* Info.plist */,
			);
			name = "Supporting Files";
			sourceTree = "<group>";
		};
		139105B71AF99BAD00B5F7CC /* Products */ = {
			isa = PBXGroup;
			children = (
				139105C11AF99BAD00B5F7CC /* libRCTSettings.a */,
				3DAD3E901DF850E9000B6D8A /* libRCTSettings-tvOS.a */,
			);
			name = Products;
			sourceTree = "<group>";
		};
		139FDEE71B06529A00C62182 /* Products */ = {
			isa = PBXGroup;
			children = (
				139FDEF41B06529B00C62182 /* libRCTWebSocket.a */,
				3DAD3E991DF850E9000B6D8A /* libRCTWebSocket-tvOS.a */,
				2D16E6841FA4F8DC00B85C8A /* libfishhook.a */,
				2D16E6861FA4F8DC00B85C8A /* libfishhook-tvOS.a */,
			);
			name = Products;
			sourceTree = "<group>";
		};
		13B07FAE1A68108700A75B9A /* ConsentManagementApp */ = {
			isa = PBXGroup;
			children = (
				008F07F21AC5B25A0029DE68 /* main.jsbundle */,
				13B07FAF1A68108700A75B9A /* AppDelegate.h */,
				13B07FB01A68108700A75B9A /* AppDelegate.m */,
				13B07FB51A68108700A75B9A /* Images.xcassets */,
				13B07FB61A68108700A75B9A /* Info.plist */,
				13B07FB11A68108700A75B9A /* LaunchScreen.xib */,
				13B07FB71A68108700A75B9A /* main.m */,
			);
			name = ConsentManagementApp;
			sourceTree = "<group>";
		};
		146834001AC3E56700842450 /* Products */ = {
			isa = PBXGroup;
			children = (
				146834041AC3E56700842450 /* libReact.a */,
				3DAD3EA31DF850E9000B6D8A /* libReact.a */,
				3DAD3EA51DF850E9000B6D8A /* libyoga.a */,
				3DAD3EA71DF850E9000B6D8A /* libyoga.a */,
				3DAD3EA91DF850E9000B6D8A /* libcxxreact.a */,
				3DAD3EAB1DF850E9000B6D8A /* libcxxreact.a */,
				3DAD3EAD1DF850E9000B6D8A /* libjschelpers.a */,
				3DAD3EAF1DF850E9000B6D8A /* libjschelpers.a */,
				2DF0FFDF2056DD460020B375 /* libjsinspector.a */,
				2DF0FFE12056DD460020B375 /* libjsinspector-tvOS.a */,
				2DF0FFE32056DD460020B375 /* libthird-party.a */,
				2DF0FFE52056DD460020B375 /* libthird-party.a */,
				2DF0FFE72056DD460020B375 /* libdouble-conversion.a */,
				2DF0FFE92056DD460020B375 /* libdouble-conversion.a */,
				2DF0FFEB2056DD460020B375 /* libprivatedata.a */,
				2DF0FFED2056DD460020B375 /* libprivatedata-tvOS.a */,
			);
			name = Products;
			sourceTree = "<group>";
		};
		2D16E6871FA4F8E400B85C8A /* Frameworks */ = {
			isa = PBXGroup;
			children = (
				2D16E6891FA4F8E400B85C8A /* libReact.a */,
			);
			name = Frameworks;
			sourceTree = "<group>";
		};
		5E91572E1DD0AC6500FF2AA8 /* Products */ = {
			isa = PBXGroup;
			children = (
				5E9157331DD0AC6500FF2AA8 /* libRCTAnimation.a */,
				5E9157351DD0AC6500FF2AA8 /* libRCTAnimation.a */,
			);
			name = Products;
			sourceTree = "<group>";
		};
		78C398B11ACF4ADC00677621 /* Products */ = {
			isa = PBXGroup;
			children = (
				78C398B91ACF4ADC00677621 /* libRCTLinking.a */,
				3DAD3E881DF850E9000B6D8A /* libRCTLinking-tvOS.a */,
			);
			name = Products;
			sourceTree = "<group>";
		};
		832341AE1AAA6A7D00B99B32 /* Libraries */ = {
			isa = PBXGroup;
			children = (
				5E91572D1DD0AC6500FF2AA8 /* RCTAnimation.xcodeproj */,
				146833FF1AC3E56700842450 /* React.xcodeproj */,
				00C302A71ABCB8CE00DB3ED1 /* RCTActionSheet.xcodeproj */,
				ADBDB91F1DFEBF0600ED6528 /* RCTBlob.xcodeproj */,
				00C302B51ABCB90400DB3ED1 /* RCTGeolocation.xcodeproj */,
				00C302BB1ABCB91800DB3ED1 /* RCTImage.xcodeproj */,
				78C398B01ACF4ADC00677621 /* RCTLinking.xcodeproj */,
				00C302D31ABCB9D200DB3ED1 /* RCTNetwork.xcodeproj */,
				139105B61AF99BAD00B5F7CC /* RCTSettings.xcodeproj */,
				832341B01AAA6A8300B99B32 /* RCTText.xcodeproj */,
				00C302DF1ABCB9EE00DB3ED1 /* RCTVibration.xcodeproj */,
				139FDEE61B06529A00C62182 /* RCTWebSocket.xcodeproj */,
				06D704D24C5F4F59868E3E0C /* RNGestureHandler.xcodeproj */,
				74EB0CEBA6894E488E33EDEC /* RNVectorIcons.xcodeproj */,
				556C6CDE51D24CD980E7D7A7 /* RNImagePicker.xcodeproj */,
				7E515A82EE2644B182B99905 /* RNBottomActionSheet.xcodeproj */,
				0EF642FD32E941C2AA8CE2A7 /* RCTMaterialKit.xcodeproj */,
				BC6EC838DAD04949ABA45875 /* RNImgToBase64.xcodeproj */,
			);
			name = Libraries;
			sourceTree = "<group>";
		};
		832341B11AAA6A8300B99B32 /* Products */ = {
			isa = PBXGroup;
			children = (
				832341B51AAA6A8300B99B32 /* libRCTText.a */,
				3DAD3E941DF850E9000B6D8A /* libRCTText-tvOS.a */,
			);
			name = Products;
			sourceTree = "<group>";
		};
		83CBB9F61A601CBA00E9B192 = {
			isa = PBXGroup;
			children = (
				13B07FAE1A68108700A75B9A /* ConsentManagementApp */,
				832341AE1AAA6A7D00B99B32 /* Libraries */,
				00E356EF1AD99517003FC87E /* ConsentManagementAppTests */,
				83CBBA001A601CBA00E9B192 /* Products */,
				2D16E6871FA4F8E400B85C8A /* Frameworks */,
				AE75E4FBCA0847489312117F /* Resources */,
				A7817E2921FC96D5005D9973 /* Recovered References */,
			);
			indentWidth = 2;
			sourceTree = "<group>";
			tabWidth = 2;
			usesTabs = 0;
		};
		83CBBA001A601CBA00E9B192 /* Products */ = {
			isa = PBXGroup;
			children = (
				13B07F961A680F5B00A75B9A /* ConsentManagementApp.app */,
				00E356EE1AD99517003FC87E /* ConsentManagementAppTests.xctest */,
			);
			name = Products;
			sourceTree = "<group>";
		};
		A74EBDC9220AC03100F9CD5E /* Products */ = {
			isa = PBXGroup;
			children = (
				A74EBDCD220AC03100F9CD5E /* libRNImagePicker.a */,
			);
			name = Products;
			sourceTree = "<group>";
		};
		A7817E2921FC96D5005D9973 /* Recovered References */ = {
			isa = PBXGroup;
			children = (
				729F1129117F4E3F9339FECA /* libRNGestureHandler.a */,
				D0B96ED3545C4B748D0BA5A8 /* libRNVectorIcons.a */,
				A42EDC63511843718E47819E /* libRNVectorIcons-tvOS.a */,
				BE155F5D4B32471589538184 /* libRNImagePicker.a */,
				6537EF3459954B21860EA04D /* libRNBottomActionSheet.a */,
				E8824E90CA044F5986DCB999 /* libRCTMaterialKit.a */,
				205F0D0A8F624CF5A561EC9B /* libRNImgToBase64.a */,
			);
			name = "Recovered References";
			sourceTree = "<group>";
		};
		A7817E4F21FC96D6005D9973 /* Products */ = {
			isa = PBXGroup;
			children = (
				A7817E5321FC96D6005D9973 /* libRNGestureHandler.a */,
			);
			name = Products;
			sourceTree = "<group>";
		};
		A7817E8721FC9732005D9973 /* Products */ = {
			isa = PBXGroup;
			children = (
				A7817E8C21FC9732005D9973 /* libRNVectorIcons.a */,
				A7817E8E21FC9732005D9973 /* libRNVectorIcons-tvOS.a */,
			);
			name = Products;
			sourceTree = "<group>";
		};
		A7C221F32214B90C00A9A258 /* Products */ = {
			isa = PBXGroup;
			children = (
				A7C221FC2214B90C00A9A258 /* libRNImgToBase64.a */,
			);
			name = Products;
			sourceTree = "<group>";
		};
		A7C221F52214B90C00A9A258 /* Products */ = {
			isa = PBXGroup;
			children = (
				A7C221F92214B90C00A9A258 /* libRNBottomActionSheet.a */,
			);
			name = Products;
			sourceTree = "<group>";
		};
		ADBDB9201DFEBF0600ED6528 /* Products */ = {
			isa = PBXGroup;
			children = (
				ADBDB9271DFEBF0700ED6528 /* libRCTBlob.a */,
				2D16E6721FA4F8DC00B85C8A /* libRCTBlob-tvOS.a */,
			);
			name = Products;
			sourceTree = "<group>";
		};
		AE75E4FBCA0847489312117F /* Resources */ = {
			isa = PBXGroup;
			children = (
				215A1925245E41A5BEE3CEE9 /* ic-blockchain.png */,
				D9979C750FD44BAEB8E334E5 /* ic-hyperledger.png */,
				B737468D65F442258FE1B79F /* locked-padlock.svg */,
				8F6893C768BB4DDDA93464F7 /* schrocken-logo-large.png */,
				9ACDF45A7C9E40C1A9166948 /* schrocken-logo-white-large.png */,
				AADB41CE56F0488FB6A7F2C6 /* usericon.svg */,
				206F64ED9CCC421CB3FD5E0A /* web_hi_res_512.png */,
				ACCF66C6E7F945E88DDD31DE /* AntDesign.ttf */,
				8A937F9BAA2647DE886DE6CB /* Entypo.ttf */,
				FA14E942CE2E425C85E37193 /* EvilIcons.ttf */,
				D75629E248984F1E9F8D4EDA /* Feather.ttf */,
				119381A21A24466E950229D9 /* FontAwesome.ttf */,
				E9F535125A0E408C9551D51A /* FontAwesome5_Brands.ttf */,
				35D549736A994C65ADBA5131 /* FontAwesome5_Regular.ttf */,
				E548A22CADD8443195D0204B /* FontAwesome5_Solid.ttf */,
				632ED54E9B644A40808570B6 /* Foundation.ttf */,
				55AD5427BF9A4F25A61EC72B /* Ionicons.ttf */,
				2752807EB22749C2B0564CD1 /* MaterialCommunityIcons.ttf */,
				8EAF4E9A601E45A3B62DB582 /* MaterialIcons.ttf */,
				B511F388C5F3421E9B2122CF /* Octicons.ttf */,
				27069F31FDD04A23B66F299C /* SimpleLineIcons.ttf */,
				F2919E6FD3AF486CAEA80056 /* Zocial.ttf */,
				B93E79FDA05549138B23CC66 /* ic-add-contact-alt-o.svg */,
				F203D6B9D03A4C7A9CEEA9AC /* ic-add-contact.svg */,
				BBF6E4AEB3AD4315AA58E4F5 /* ic-add-meeting-alt-o.svg */,
				017AA380A6A64275A0FACF01 /* ic-add-meeting.svg */,
				75C13892A83646EDB9BB3E24 /* ic-add-new.svg */,
				4CCE10B3ED9F4C5BB497470D /* ic-arrow-left-alt.svg */,
				4263A96133C64B12B9E8DC6A /* ic-arrow-left.svg */,
				1796A13096F9488C8F25E983 /* ic-arrow-right-alt.svg */,
				6424F956CBD94F6E82E1A6BB /* ic-chat-active.svg */,
				22C16BB4BDE7422F90B060A3 /* ic-chat.svg */,
				58D700BFA4DF40EBA55EC80A /* ic-contact-phone.svg */,
				7CF85208D4D645D68973E8C6 /* ic-contacts-active.svg */,
				D0214C8E55E4409FBBE72CE3 /* ic-contacts-inactive.svg */,
				24D457C9626D4913AB8CA917 /* ic-cross-green-large.svg */,
				EAAE95945120487A83AFA291 /* ic-cross-red-large.svg */,
				396E38E984524889B2B2399C /* ic-cross-white-small.svg */,
				7316B2BC4BD94E0BB5C37E1D /* ic-dashboard-active.svg */,
				E2F7987641614666867C09E2 /* ic-dashboard-inactive.svg */,
				E4DD1D8410B14E729C83687E /* ic-delete.svg */,
				9325C84BA06744878A5EA72B /* ic-email.svg */,
				E8B8E1758AB649C5B0D0994A /* ic-hashtag.svg */,
				D1E365B33E014163B6660EBA /* ic-left-arrow-o.svg */,
				587B5D6F7B1B4DA1AF4DE74B /* ic-location-flag.svg */,
				A44E33BF3DFA431CB0A9D6A8 /* ic-logout.svg */,
				F8EA35F3105440BFB9DB52BF /* ic-meetings-active.svg */,
				C55CED9A0C73462C868F67C9 /* ic-meetings.svg */,
				612BA27040FE41E781A3EEA1 /* ic-menu.svg */,
				B7035211DDA34436A298FDEE /* ic-profile-active.svg */,
				E7B21665632D45E9891D02E1 /* ic-profile-inactive.svg */,
				88B5F3A7A7E440E6ADE987AC /* ic-right-arrow-o.svg */,
				4F208E5FA3204B039D7BAC15 /* ic-tick-white-small.svg */,
				8BCE9D61591C4600A3595BAB /* ic-trashcan.svg */,
				34C0FB08611842B8AFF529A3 /* ic-view-details.svg */,
			);
			name = Resources;
			sourceTree = "<group>";
		};
/* End PBXGroup section */

/* Begin PBXNativeTarget section */
		00E356ED1AD99517003FC87E /* ConsentManagementAppTests */ = {
			isa = PBXNativeTarget;
			buildConfigurationList = 00E357021AD99517003FC87E /* Build configuration list for PBXNativeTarget "ConsentManagementAppTests" */;
			buildPhases = (
				00E356EA1AD99517003FC87E /* Sources */,
				00E356EB1AD99517003FC87E /* Frameworks */,
				00E356EC1AD99517003FC87E /* Resources */,
			);
			buildRules = (
			);
			dependencies = (
				00E356F51AD99517003FC87E /* PBXTargetDependency */,
			);
			name = ConsentManagementAppTests;
			productName = ConsentManagementAppTests;
			productReference = 00E356EE1AD99517003FC87E /* ConsentManagementAppTests.xctest */;
			productType = "com.apple.product-type.bundle.unit-test";
		};
		13B07F861A680F5B00A75B9A /* ConsentManagementApp */ = {
			isa = PBXNativeTarget;
			buildConfigurationList = 13B07F931A680F5B00A75B9A /* Build configuration list for PBXNativeTarget "ConsentManagementApp" */;
			buildPhases = (
				13B07F871A680F5B00A75B9A /* Sources */,
				13B07F8C1A680F5B00A75B9A /* Frameworks */,
				13B07F8E1A680F5B00A75B9A /* Resources */,
				00DD1BFF1BD5951E006B06BC /* Bundle React Native code and images */,
			);
			buildRules = (
			);
			dependencies = (
			);
			name = ConsentManagementApp;
			productName = "Hello World";
			productReference = 13B07F961A680F5B00A75B9A /* ConsentManagementApp.app */;
			productType = "com.apple.product-type.application";
		};
/* End PBXNativeTarget section */

/* Begin PBXProject section */
		83CBB9F71A601CBA00E9B192 /* Project object */ = {
			isa = PBXProject;
			attributes = {
				LastUpgradeCheck = 940;
				ORGANIZATIONNAME = Facebook;
				TargetAttributes = {
					00E356ED1AD99517003FC87E = {
						CreatedOnToolsVersion = 6.2;
						DevelopmentTeam = YK79L44S77;
						TestTargetID = 13B07F861A680F5B00A75B9A;
					};
					13B07F861A680F5B00A75B9A = {
						DevelopmentTeam = YK79L44S77;
					};
				};
			};
			buildConfigurationList = 83CBB9FA1A601CBA00E9B192 /* Build configuration list for PBXProject "ConsentManagementApp" */;
			compatibilityVersion = "Xcode 3.2";
			developmentRegion = English;
			hasScannedForEncodings = 0;
			knownRegions = (
				en,
				Base,
			);
			mainGroup = 83CBB9F61A601CBA00E9B192;
			productRefGroup = 83CBBA001A601CBA00E9B192 /* Products */;
			projectDirPath = "";
			projectReferences = (
				{
					ProductGroup = 00C302A81ABCB8CE00DB3ED1 /* Products */;
					ProjectRef = 00C302A71ABCB8CE00DB3ED1 /* RCTActionSheet.xcodeproj */;
				},
				{
					ProductGroup = 5E91572E1DD0AC6500FF2AA8 /* Products */;
					ProjectRef = 5E91572D1DD0AC6500FF2AA8 /* RCTAnimation.xcodeproj */;
				},
				{
					ProductGroup = ADBDB9201DFEBF0600ED6528 /* Products */;
					ProjectRef = ADBDB91F1DFEBF0600ED6528 /* RCTBlob.xcodeproj */;
				},
				{
					ProductGroup = 00C302B61ABCB90400DB3ED1 /* Products */;
					ProjectRef = 00C302B51ABCB90400DB3ED1 /* RCTGeolocation.xcodeproj */;
				},
				{
					ProductGroup = 00C302BC1ABCB91800DB3ED1 /* Products */;
					ProjectRef = 00C302BB1ABCB91800DB3ED1 /* RCTImage.xcodeproj */;
				},
				{
					ProductGroup = 78C398B11ACF4ADC00677621 /* Products */;
					ProjectRef = 78C398B01ACF4ADC00677621 /* RCTLinking.xcodeproj */;
				},
				{
					ProductGroup = 00C302D41ABCB9D200DB3ED1 /* Products */;
					ProjectRef = 00C302D31ABCB9D200DB3ED1 /* RCTNetwork.xcodeproj */;
				},
				{
					ProductGroup = 139105B71AF99BAD00B5F7CC /* Products */;
					ProjectRef = 139105B61AF99BAD00B5F7CC /* RCTSettings.xcodeproj */;
				},
				{
					ProductGroup = 832341B11AAA6A8300B99B32 /* Products */;
					ProjectRef = 832341B01AAA6A8300B99B32 /* RCTText.xcodeproj */;
				},
				{
					ProductGroup = 00C302E01ABCB9EE00DB3ED1 /* Products */;
					ProjectRef = 00C302DF1ABCB9EE00DB3ED1 /* RCTVibration.xcodeproj */;
				},
				{
					ProductGroup = 139FDEE71B06529A00C62182 /* Products */;
					ProjectRef = 139FDEE61B06529A00C62182 /* RCTWebSocket.xcodeproj */;
				},
				{
					ProductGroup = 146834001AC3E56700842450 /* Products */;
					ProjectRef = 146833FF1AC3E56700842450 /* React.xcodeproj */;
				},
				{
					ProductGroup = A7C221F52214B90C00A9A258 /* Products */;
					ProjectRef = 7E515A82EE2644B182B99905 /* RNBottomActionSheet.xcodeproj */;
				},
				{
					ProductGroup = A7817E4F21FC96D6005D9973 /* Products */;
					ProjectRef = 06D704D24C5F4F59868E3E0C /* RNGestureHandler.xcodeproj */;
				},
				{
					ProductGroup = A74EBDC9220AC03100F9CD5E /* Products */;
					ProjectRef = 556C6CDE51D24CD980E7D7A7 /* RNImagePicker.xcodeproj */;
				},
				{
					ProductGroup = A7C221F32214B90C00A9A258 /* Products */;
					ProjectRef = BC6EC838DAD04949ABA45875 /* RNImgToBase64.xcodeproj */;
				},
				{
					ProductGroup = A7817E8721FC9732005D9973 /* Products */;
					ProjectRef = 74EB0CEBA6894E488E33EDEC /* RNVectorIcons.xcodeproj */;
				},
			);
			projectRoot = "";
			targets = (
				13B07F861A680F5B00A75B9A /* ConsentManagementApp */,
				00E356ED1AD99517003FC87E /* ConsentManagementAppTests */,
			);
		};
/* End PBXProject section */

/* Begin PBXReferenceProxy section */
		00C302AC1ABCB8CE00DB3ED1 /* libRCTActionSheet.a */ = {
			isa = PBXReferenceProxy;
			fileType = archive.ar;
			path = libRCTActionSheet.a;
			remoteRef = 00C302AB1ABCB8CE00DB3ED1 /* PBXContainerItemProxy */;
			sourceTree = BUILT_PRODUCTS_DIR;
		};
		00C302BA1ABCB90400DB3ED1 /* libRCTGeolocation.a */ = {
			isa = PBXReferenceProxy;
			fileType = archive.ar;
			path = libRCTGeolocation.a;
			remoteRef = 00C302B91ABCB90400DB3ED1 /* PBXContainerItemProxy */;
			sourceTree = BUILT_PRODUCTS_DIR;
		};
		00C302C01ABCB91800DB3ED1 /* libRCTImage.a */ = {
			isa = PBXReferenceProxy;
			fileType = archive.ar;
			path = libRCTImage.a;
			remoteRef = 00C302BF1ABCB91800DB3ED1 /* PBXContainerItemProxy */;
			sourceTree = BUILT_PRODUCTS_DIR;
		};
		00C302DC1ABCB9D200DB3ED1 /* libRCTNetwork.a */ = {
			isa = PBXReferenceProxy;
			fileType = archive.ar;
			path = libRCTNetwork.a;
			remoteRef = 00C302DB1ABCB9D200DB3ED1 /* PBXContainerItemProxy */;
			sourceTree = BUILT_PRODUCTS_DIR;
		};
		00C302E41ABCB9EE00DB3ED1 /* libRCTVibration.a */ = {
			isa = PBXReferenceProxy;
			fileType = archive.ar;
			path = libRCTVibration.a;
			remoteRef = 00C302E31ABCB9EE00DB3ED1 /* PBXContainerItemProxy */;
			sourceTree = BUILT_PRODUCTS_DIR;
		};
		139105C11AF99BAD00B5F7CC /* libRCTSettings.a */ = {
			isa = PBXReferenceProxy;
			fileType = archive.ar;
			path = libRCTSettings.a;
			remoteRef = 139105C01AF99BAD00B5F7CC /* PBXContainerItemProxy */;
			sourceTree = BUILT_PRODUCTS_DIR;
		};
		139FDEF41B06529B00C62182 /* libRCTWebSocket.a */ = {
			isa = PBXReferenceProxy;
			fileType = archive.ar;
			path = libRCTWebSocket.a;
			remoteRef = 139FDEF31B06529B00C62182 /* PBXContainerItemProxy */;
			sourceTree = BUILT_PRODUCTS_DIR;
		};
		146834041AC3E56700842450 /* libReact.a */ = {
			isa = PBXReferenceProxy;
			fileType = archive.ar;
			path = libReact.a;
			remoteRef = 146834031AC3E56700842450 /* PBXContainerItemProxy */;
			sourceTree = BUILT_PRODUCTS_DIR;
		};
		2D16E6721FA4F8DC00B85C8A /* libRCTBlob-tvOS.a */ = {
			isa = PBXReferenceProxy;
			fileType = archive.ar;
			path = "libRCTBlob-tvOS.a";
			remoteRef = 2D16E6711FA4F8DC00B85C8A /* PBXContainerItemProxy */;
			sourceTree = BUILT_PRODUCTS_DIR;
		};
		2D16E6841FA4F8DC00B85C8A /* libfishhook.a */ = {
			isa = PBXReferenceProxy;
			fileType = archive.ar;
			path = libfishhook.a;
			remoteRef = 2D16E6831FA4F8DC00B85C8A /* PBXContainerItemProxy */;
			sourceTree = BUILT_PRODUCTS_DIR;
		};
		2D16E6861FA4F8DC00B85C8A /* libfishhook-tvOS.a */ = {
			isa = PBXReferenceProxy;
			fileType = archive.ar;
			path = "libfishhook-tvOS.a";
			remoteRef = 2D16E6851FA4F8DC00B85C8A /* PBXContainerItemProxy */;
			sourceTree = BUILT_PRODUCTS_DIR;
		};
		2DF0FFDF2056DD460020B375 /* libjsinspector.a */ = {
			isa = PBXReferenceProxy;
			fileType = archive.ar;
			path = libjsinspector.a;
			remoteRef = 2DF0FFDE2056DD460020B375 /* PBXContainerItemProxy */;
			sourceTree = BUILT_PRODUCTS_DIR;
		};
		2DF0FFE12056DD460020B375 /* libjsinspector-tvOS.a */ = {
			isa = PBXReferenceProxy;
			fileType = archive.ar;
			path = "libjsinspector-tvOS.a";
			remoteRef = 2DF0FFE02056DD460020B375 /* PBXContainerItemProxy */;
			sourceTree = BUILT_PRODUCTS_DIR;
		};
		2DF0FFE32056DD460020B375 /* libthird-party.a */ = {
			isa = PBXReferenceProxy;
			fileType = archive.ar;
			path = "libthird-party.a";
			remoteRef = 2DF0FFE22056DD460020B375 /* PBXContainerItemProxy */;
			sourceTree = BUILT_PRODUCTS_DIR;
		};
		2DF0FFE52056DD460020B375 /* libthird-party.a */ = {
			isa = PBXReferenceProxy;
			fileType = archive.ar;
			path = "libthird-party.a";
			remoteRef = 2DF0FFE42056DD460020B375 /* PBXContainerItemProxy */;
			sourceTree = BUILT_PRODUCTS_DIR;
		};
		2DF0FFE72056DD460020B375 /* libdouble-conversion.a */ = {
			isa = PBXReferenceProxy;
			fileType = archive.ar;
			path = "libdouble-conversion.a";
			remoteRef = 2DF0FFE62056DD460020B375 /* PBXContainerItemProxy */;
			sourceTree = BUILT_PRODUCTS_DIR;
		};
		2DF0FFE92056DD460020B375 /* libdouble-conversion.a */ = {
			isa = PBXReferenceProxy;
			fileType = archive.ar;
			path = "libdouble-conversion.a";
			remoteRef = 2DF0FFE82056DD460020B375 /* PBXContainerItemProxy */;
			sourceTree = BUILT_PRODUCTS_DIR;
		};
		2DF0FFEB2056DD460020B375 /* libprivatedata.a */ = {
			isa = PBXReferenceProxy;
			fileType = archive.ar;
			path = libprivatedata.a;
			remoteRef = 2DF0FFEA2056DD460020B375 /* PBXContainerItemProxy */;
			sourceTree = BUILT_PRODUCTS_DIR;
		};
		2DF0FFED2056DD460020B375 /* libprivatedata-tvOS.a */ = {
			isa = PBXReferenceProxy;
			fileType = archive.ar;
			path = "libprivatedata-tvOS.a";
			remoteRef = 2DF0FFEC2056DD460020B375 /* PBXContainerItemProxy */;
			sourceTree = BUILT_PRODUCTS_DIR;
		};
		3DAD3E841DF850E9000B6D8A /* libRCTImage-tvOS.a */ = {
			isa = PBXReferenceProxy;
			fileType = archive.ar;
			path = "libRCTImage-tvOS.a";
			remoteRef = 3DAD3E831DF850E9000B6D8A /* PBXContainerItemProxy */;
			sourceTree = BUILT_PRODUCTS_DIR;
		};
		3DAD3E881DF850E9000B6D8A /* libRCTLinking-tvOS.a */ = {
			isa = PBXReferenceProxy;
			fileType = archive.ar;
			path = "libRCTLinking-tvOS.a";
			remoteRef = 3DAD3E871DF850E9000B6D8A /* PBXContainerItemProxy */;
			sourceTree = BUILT_PRODUCTS_DIR;
		};
		3DAD3E8C1DF850E9000B6D8A /* libRCTNetwork-tvOS.a */ = {
			isa = PBXReferenceProxy;
			fileType = archive.ar;
			path = "libRCTNetwork-tvOS.a";
			remoteRef = 3DAD3E8B1DF850E9000B6D8A /* PBXContainerItemProxy */;
			sourceTree = BUILT_PRODUCTS_DIR;
		};
		3DAD3E901DF850E9000B6D8A /* libRCTSettings-tvOS.a */ = {
			isa = PBXReferenceProxy;
			fileType = archive.ar;
			path = "libRCTSettings-tvOS.a";
			remoteRef = 3DAD3E8F1DF850E9000B6D8A /* PBXContainerItemProxy */;
			sourceTree = BUILT_PRODUCTS_DIR;
		};
		3DAD3E941DF850E9000B6D8A /* libRCTText-tvOS.a */ = {
			isa = PBXReferenceProxy;
			fileType = archive.ar;
			path = "libRCTText-tvOS.a";
			remoteRef = 3DAD3E931DF850E9000B6D8A /* PBXContainerItemProxy */;
			sourceTree = BUILT_PRODUCTS_DIR;
		};
		3DAD3E991DF850E9000B6D8A /* libRCTWebSocket-tvOS.a */ = {
			isa = PBXReferenceProxy;
			fileType = archive.ar;
			path = "libRCTWebSocket-tvOS.a";
			remoteRef = 3DAD3E981DF850E9000B6D8A /* PBXContainerItemProxy */;
			sourceTree = BUILT_PRODUCTS_DIR;
		};
		3DAD3EA31DF850E9000B6D8A /* libReact.a */ = {
			isa = PBXReferenceProxy;
			fileType = archive.ar;
			path = libReact.a;
			remoteRef = 3DAD3EA21DF850E9000B6D8A /* PBXContainerItemProxy */;
			sourceTree = BUILT_PRODUCTS_DIR;
		};
		3DAD3EA51DF850E9000B6D8A /* libyoga.a */ = {
			isa = PBXReferenceProxy;
			fileType = archive.ar;
			path = libyoga.a;
			remoteRef = 3DAD3EA41DF850E9000B6D8A /* PBXContainerItemProxy */;
			sourceTree = BUILT_PRODUCTS_DIR;
		};
		3DAD3EA71DF850E9000B6D8A /* libyoga.a */ = {
			isa = PBXReferenceProxy;
			fileType = archive.ar;
			path = libyoga.a;
			remoteRef = 3DAD3EA61DF850E9000B6D8A /* PBXContainerItemProxy */;
			sourceTree = BUILT_PRODUCTS_DIR;
		};
		3DAD3EA91DF850E9000B6D8A /* libcxxreact.a */ = {
			isa = PBXReferenceProxy;
			fileType = archive.ar;
			path = libcxxreact.a;
			remoteRef = 3DAD3EA81DF850E9000B6D8A /* PBXContainerItemProxy */;
			sourceTree = BUILT_PRODUCTS_DIR;
		};
		3DAD3EAB1DF850E9000B6D8A /* libcxxreact.a */ = {
			isa = PBXReferenceProxy;
			fileType = archive.ar;
			path = libcxxreact.a;
			remoteRef = 3DAD3EAA1DF850E9000B6D8A /* PBXContainerItemProxy */;
			sourceTree = BUILT_PRODUCTS_DIR;
		};
		3DAD3EAD1DF850E9000B6D8A /* libjschelpers.a */ = {
			isa = PBXReferenceProxy;
			fileType = archive.ar;
			path = libjschelpers.a;
			remoteRef = 3DAD3EAC1DF850E9000B6D8A /* PBXContainerItemProxy */;
			sourceTree = BUILT_PRODUCTS_DIR;
		};
		3DAD3EAF1DF850E9000B6D8A /* libjschelpers.a */ = {
			isa = PBXReferenceProxy;
			fileType = archive.ar;
			path = libjschelpers.a;
			remoteRef = 3DAD3EAE1DF850E9000B6D8A /* PBXContainerItemProxy */;
			sourceTree = BUILT_PRODUCTS_DIR;
		};
		5E9157331DD0AC6500FF2AA8 /* libRCTAnimation.a */ = {
			isa = PBXReferenceProxy;
			fileType = archive.ar;
			path = libRCTAnimation.a;
			remoteRef = 5E9157321DD0AC6500FF2AA8 /* PBXContainerItemProxy */;
			sourceTree = BUILT_PRODUCTS_DIR;
		};
		5E9157351DD0AC6500FF2AA8 /* libRCTAnimation.a */ = {
			isa = PBXReferenceProxy;
			fileType = archive.ar;
			path = libRCTAnimation.a;
			remoteRef = 5E9157341DD0AC6500FF2AA8 /* PBXContainerItemProxy */;
			sourceTree = BUILT_PRODUCTS_DIR;
		};
		78C398B91ACF4ADC00677621 /* libRCTLinking.a */ = {
			isa = PBXReferenceProxy;
			fileType = archive.ar;
			path = libRCTLinking.a;
			remoteRef = 78C398B81ACF4ADC00677621 /* PBXContainerItemProxy */;
			sourceTree = BUILT_PRODUCTS_DIR;
		};
		832341B51AAA6A8300B99B32 /* libRCTText.a */ = {
			isa = PBXReferenceProxy;
			fileType = archive.ar;
			path = libRCTText.a;
			remoteRef = 832341B41AAA6A8300B99B32 /* PBXContainerItemProxy */;
			sourceTree = BUILT_PRODUCTS_DIR;
		};
		A74EBDCD220AC03100F9CD5E /* libRNImagePicker.a */ = {
			isa = PBXReferenceProxy;
			fileType = archive.ar;
			path = libRNImagePicker.a;
			remoteRef = A74EBDCC220AC03100F9CD5E /* PBXContainerItemProxy */;
			sourceTree = BUILT_PRODUCTS_DIR;
		};
		A7817E5321FC96D6005D9973 /* libRNGestureHandler.a */ = {
			isa = PBXReferenceProxy;
			fileType = archive.ar;
			path = libRNGestureHandler.a;
			remoteRef = A7817E5221FC96D6005D9973 /* PBXContainerItemProxy */;
			sourceTree = BUILT_PRODUCTS_DIR;
		};
		A7817E8C21FC9732005D9973 /* libRNVectorIcons.a */ = {
			isa = PBXReferenceProxy;
			fileType = archive.ar;
			path = libRNVectorIcons.a;
			remoteRef = A7817E8B21FC9732005D9973 /* PBXContainerItemProxy */;
			sourceTree = BUILT_PRODUCTS_DIR;
		};
		A7817E8E21FC9732005D9973 /* libRNVectorIcons-tvOS.a */ = {
			isa = PBXReferenceProxy;
			fileType = archive.ar;
			path = "libRNVectorIcons-tvOS.a";
			remoteRef = A7817E8D21FC9732005D9973 /* PBXContainerItemProxy */;
			sourceTree = BUILT_PRODUCTS_DIR;
		};
		A7C221F92214B90C00A9A258 /* libRNBottomActionSheet.a */ = {
			isa = PBXReferenceProxy;
			fileType = archive.ar;
			path = libRNBottomActionSheet.a;
			remoteRef = A7C221F82214B90C00A9A258 /* PBXContainerItemProxy */;
			sourceTree = BUILT_PRODUCTS_DIR;
		};
		A7C221FC2214B90C00A9A258 /* libRNImgToBase64.a */ = {
			isa = PBXReferenceProxy;
			fileType = archive.ar;
			path = libRNImgToBase64.a;
			remoteRef = A7C221FB2214B90C00A9A258 /* PBXContainerItemProxy */;
			sourceTree = BUILT_PRODUCTS_DIR;
		};
		ADBDB9271DFEBF0700ED6528 /* libRCTBlob.a */ = {
			isa = PBXReferenceProxy;
			fileType = archive.ar;
			path = libRCTBlob.a;
			remoteRef = ADBDB9261DFEBF0700ED6528 /* PBXContainerItemProxy */;
			sourceTree = BUILT_PRODUCTS_DIR;
		};
/* End PBXReferenceProxy section */

/* Begin PBXResourcesBuildPhase section */
		00E356EC1AD99517003FC87E /* Resources */ = {
			isa = PBXResourcesBuildPhase;
			buildActionMask = 2147483647;
			files = (
			);
			runOnlyForDeploymentPostprocessing = 0;
		};
		13B07F8E1A680F5B00A75B9A /* Resources */ = {
			isa = PBXResourcesBuildPhase;
			buildActionMask = 2147483647;
			files = (
				13B07FBF1A68108700A75B9A /* Images.xcassets in Resources */,
				13B07FBD1A68108700A75B9A /* LaunchScreen.xib in Resources */,
				0C496DF017034E52A52AC1C0 /* ic-blockchain.png in Resources */,
				5E505A68A44746D39A14B3A5 /* ic-hyperledger.png in Resources */,
				2E2F102B24F34E4481D0F0DE /* locked-padlock.svg in Resources */,
				981BF1738CD44B3EA0484C3B /* schrocken-logo-large.png in Resources */,
				B007438A53544E4290F21BFC /* schrocken-logo-white-large.png in Resources */,
				8727204DBC9D41B2A39CDE40 /* usericon.svg in Resources */,
				9692AD2DE63141B799F0A4A2 /* web_hi_res_512.png in Resources */,
				172A4FDD8EA84D29822750C0 /* AntDesign.ttf in Resources */,
				63E2C912D44242B9A2D967BD /* Entypo.ttf in Resources */,
				CFD48D8896504F7FBBE3C3FA /* EvilIcons.ttf in Resources */,
				1D883A3213B04FCC9188D725 /* Feather.ttf in Resources */,
				CF1482F6F50A44D694822147 /* FontAwesome.ttf in Resources */,
				40E5FB591B5F49D892272970 /* FontAwesome5_Brands.ttf in Resources */,
				760121EB55F54819A6519686 /* FontAwesome5_Regular.ttf in Resources */,
				5E29BE4ADB0C4987AB18BEF4 /* FontAwesome5_Solid.ttf in Resources */,
				10C7FFAEB56E405EB3959C0C /* Foundation.ttf in Resources */,
				F9E3374E8202400C9FB68C7E /* Ionicons.ttf in Resources */,
				EB17151E8A2B45848E839C63 /* MaterialCommunityIcons.ttf in Resources */,
				D7C7E835299F472AB78033E9 /* MaterialIcons.ttf in Resources */,
				942E434A98A74FA8A310E354 /* Octicons.ttf in Resources */,
				70879B1F25CE41839C953F32 /* SimpleLineIcons.ttf in Resources */,
				7CEBA18531DB47E39A3D8CC1 /* Zocial.ttf in Resources */,
				29618CC9C0F14FABB8CC194F /* ic-add-contact-alt-o.svg in Resources */,
				25F58D2797BA4708AD00DA4A /* ic-add-contact.svg in Resources */,
				DAAD5C419DBB406780B63994 /* ic-add-meeting-alt-o.svg in Resources */,
				F6A8EC9DD6CC4601A7C55151 /* ic-add-meeting.svg in Resources */,
				22523584771A47A3B1B1AF91 /* ic-add-new.svg in Resources */,
				06F97D641AC642BA96ACE533 /* ic-arrow-left-alt.svg in Resources */,
				42E35F06495442A3867D0A0A /* ic-arrow-left.svg in Resources */,
				276FF6FD0FB940A78E3BDE6B /* ic-arrow-right-alt.svg in Resources */,
				104393906F164C7896E9AAD6 /* ic-chat-active.svg in Resources */,
				D0B1BBE9D76449F6AE139275 /* ic-chat.svg in Resources */,
				D16D0AF24B104A2DBF392B49 /* ic-contact-phone.svg in Resources */,
				68AFF49540EC4618BE16411C /* ic-contacts-active.svg in Resources */,
				727F3C41C3B14CD292BE4BE4 /* ic-contacts-inactive.svg in Resources */,
				9C2CD4F84D224FA993ACF542 /* ic-cross-green-large.svg in Resources */,
				E62964AF76784D34B83C513D /* ic-cross-red-large.svg in Resources */,
				0EBC76D3C8EC4B6C9060E2D3 /* ic-cross-white-small.svg in Resources */,
				4CA1CA9827FE4CB28E3E4C20 /* ic-dashboard-active.svg in Resources */,
				88548DAB60D84FDA8393D9BC /* ic-dashboard-inactive.svg in Resources */,
				52A66F040C284B0DA1F6B05A /* ic-delete.svg in Resources */,
				99DBB74D0ACD410884AAFAA3 /* ic-email.svg in Resources */,
				40A48152D2DB4B649D1E1CF9 /* ic-hashtag.svg in Resources */,
				60A27E42AE1D46848A6F75A8 /* ic-left-arrow-o.svg in Resources */,
				286F648EA5CD4EF6BCDB4848 /* ic-location-flag.svg in Resources */,
				E5D512D8AB4D462396DE97CD /* ic-logout.svg in Resources */,
				A9DB4EFF5B9245C1AD92AA09 /* ic-meetings-active.svg in Resources */,
				21A849BE5AB145F5A7624785 /* ic-meetings.svg in Resources */,
				2EF0568A993744288BB2B8E8 /* ic-menu.svg in Resources */,
				62322C6148124D308F0AB1F8 /* ic-profile-active.svg in Resources */,
				E1C4DA72DE234E7F9C3E3A49 /* ic-profile-inactive.svg in Resources */,
				24288C1AC1E042B49418CA4C /* ic-right-arrow-o.svg in Resources */,
				239411E0F1554AE5A168EA37 /* ic-tick-white-small.svg in Resources */,
				776275053A95434AB1DD03F2 /* ic-trashcan.svg in Resources */,
				22AC469D8DF6494E96CAD2FF /* ic-view-details.svg in Resources */,
			);
			runOnlyForDeploymentPostprocessing = 0;
		};
/* End PBXResourcesBuildPhase section */

/* Begin PBXShellScriptBuildPhase section */
		00DD1BFF1BD5951E006B06BC /* Bundle React Native code and images */ = {
			isa = PBXShellScriptBuildPhase;
			buildActionMask = 2147483647;
			files = (
			);
			inputPaths = (
			);
			name = "Bundle React Native code and images";
			outputPaths = (
			);
			runOnlyForDeploymentPostprocessing = 0;
			shellPath = /bin/sh;
			shellScript = "export NODE_BINARY=node\n../node_modules/react-native/scripts/react-native-xcode.sh";
		};
/* End PBXShellScriptBuildPhase section */

/* Begin PBXSourcesBuildPhase section */
		00E356EA1AD99517003FC87E /* Sources */ = {
			isa = PBXSourcesBuildPhase;
			buildActionMask = 2147483647;
			files = (
				00E356F31AD99517003FC87E /* ConsentManagementAppTests.m in Sources */,
			);
			runOnlyForDeploymentPostprocessing = 0;
		};
		13B07F871A680F5B00A75B9A /* Sources */ = {
			isa = PBXSourcesBuildPhase;
			buildActionMask = 2147483647;
			files = (
				13B07FBC1A68108700A75B9A /* AppDelegate.m in Sources */,
				13B07FC11A68108700A75B9A /* main.m in Sources */,
			);
			runOnlyForDeploymentPostprocessing = 0;
		};
/* End PBXSourcesBuildPhase section */

/* Begin PBXTargetDependency section */
		00E356F51AD99517003FC87E /* PBXTargetDependency */ = {
			isa = PBXTargetDependency;
			target = 13B07F861A680F5B00A75B9A /* ConsentManagementApp */;
			targetProxy = 00E356F41AD99517003FC87E /* PBXContainerItemProxy */;
		};
/* End PBXTargetDependency section */

/* Begin PBXVariantGroup section */
		13B07FB11A68108700A75B9A /* LaunchScreen.xib */ = {
			isa = PBXVariantGroup;
			children = (
				13B07FB21A68108700A75B9A /* Base */,
			);
			name = LaunchScreen.xib;
			path = ConsentManagementApp;
			sourceTree = "<group>";
		};
/* End PBXVariantGroup section */

/* Begin XCBuildConfiguration section */
		00E356F61AD99517003FC87E /* Debug */ = {
			isa = XCBuildConfiguration;
			buildSettings = {
				BUNDLE_LOADER = "$(TEST_HOST)";
				DEVELOPMENT_TEAM = YK79L44S77;
				GCC_PREPROCESSOR_DEFINITIONS = (
					"DEBUG=1",
					"$(inherited)",
				);
				HEADER_SEARCH_PATHS = (
					"$(inherited)",
					"$(SRCROOT)/../node_modules/react-native-gesture-handler/ios/**",
					"$(SRCROOT)/../node_modules/react-native-vector-icons/RNVectorIconsManager",
					"$(SRCROOT)/../node_modules/react-native-image-picker/ios",
					"$(SRCROOT)/../node_modules/react-native-bottom-action-sheet/ios/**",
					"$(SRCROOT)/../node_modules/react-native-material-kit/iOS/RCTMaterialKit",
					"$(SRCROOT)/../node_modules/react-native-image-base64/ios",
				);
				INFOPLIST_FILE = ConsentManagementAppTests/Info.plist;
				IPHONEOS_DEPLOYMENT_TARGET = 9.0;
				LD_RUNPATH_SEARCH_PATHS = "$(inherited) @executable_path/Frameworks @loader_path/Frameworks";
				LIBRARY_SEARCH_PATHS = (
					"$(inherited)",
					"\"$(SRCROOT)/$(TARGET_NAME)\"",
					"\"$(SRCROOT)/$(TARGET_NAME)\"",
					"\"$(SRCROOT)/$(TARGET_NAME)\"",
					"\"$(SRCROOT)/$(TARGET_NAME)\"",
					"\"$(SRCROOT)/$(TARGET_NAME)\"",
					"\"$(SRCROOT)/$(TARGET_NAME)\"",
					"\"$(SRCROOT)/$(TARGET_NAME)\"",
				);
				OTHER_LDFLAGS = (
					"-ObjC",
					"-lc++",
				);
				PRODUCT_BUNDLE_IDENTIFIER = com.sameersitre.ConsentManagementApp;
				PRODUCT_NAME = "$(TARGET_NAME)";
				TEST_HOST = "$(BUILT_PRODUCTS_DIR)/ConsentManagementApp.app/ConsentManagementApp";
			};
			name = Debug;
		};
		00E356F71AD99517003FC87E /* Release */ = {
			isa = XCBuildConfiguration;
			buildSettings = {
				BUNDLE_LOADER = "$(TEST_HOST)";
				COPY_PHASE_STRIP = NO;
				DEVELOPMENT_TEAM = YK79L44S77;
				HEADER_SEARCH_PATHS = (
					"$(inherited)",
					"$(SRCROOT)/../node_modules/react-native-gesture-handler/ios/**",
					"$(SRCROOT)/../node_modules/react-native-vector-icons/RNVectorIconsManager",
					"$(SRCROOT)/../node_modules/react-native-image-picker/ios",
					"$(SRCROOT)/../node_modules/react-native-bottom-action-sheet/ios/**",
					"$(SRCROOT)/../node_modules/react-native-material-kit/iOS/RCTMaterialKit",
					"$(SRCROOT)/../node_modules/react-native-image-base64/ios",
				);
				INFOPLIST_FILE = ConsentManagementAppTests/Info.plist;
				IPHONEOS_DEPLOYMENT_TARGET = 9.0;
				LD_RUNPATH_SEARCH_PATHS = "$(inherited) @executable_path/Frameworks @loader_path/Frameworks";
				LIBRARY_SEARCH_PATHS = (
					"$(inherited)",
					"\"$(SRCROOT)/$(TARGET_NAME)\"",
					"\"$(SRCROOT)/$(TARGET_NAME)\"",
					"\"$(SRCROOT)/$(TARGET_NAME)\"",
					"\"$(SRCROOT)/$(TARGET_NAME)\"",
					"\"$(SRCROOT)/$(TARGET_NAME)\"",
					"\"$(SRCROOT)/$(TARGET_NAME)\"",
					"\"$(SRCROOT)/$(TARGET_NAME)\"",
				);
				OTHER_LDFLAGS = (
					"-ObjC",
					"-lc++",
				);
				PRODUCT_BUNDLE_IDENTIFIER = com.sameersitre.ConsentManagementApp;
				PRODUCT_NAME = "$(TARGET_NAME)";
				TEST_HOST = "$(BUILT_PRODUCTS_DIR)/ConsentManagementApp.app/ConsentManagementApp";
			};
			name = Release;
		};
		13B07F941A680F5B00A75B9A /* Debug */ = {
			isa = XCBuildConfiguration;
			buildSettings = {
				ASSETCATALOG_COMPILER_APPICON_NAME = AppIcon;
				CURRENT_PROJECT_VERSION = 1;
				DEAD_CODE_STRIPPING = NO;
				DEVELOPMENT_TEAM = YK79L44S77;
				HEADER_SEARCH_PATHS = (
					"$(inherited)",
					"$(SRCROOT)/../node_modules/react-native-gesture-handler/ios/**",
					"$(SRCROOT)/../node_modules/react-native-vector-icons/RNVectorIconsManager",
					"$(SRCROOT)/../node_modules/react-native-image-picker/ios",
					"$(SRCROOT)/../node_modules/react-native-bottom-action-sheet/ios/**",
					"$(SRCROOT)/../node_modules/react-native-material-kit/iOS/RCTMaterialKit",
					"$(SRCROOT)/../node_modules/react-native-image-base64/ios",
				);
				INFOPLIST_FILE = ConsentManagementApp/Info.plist;
				LD_RUNPATH_SEARCH_PATHS = "$(inherited) @executable_path/Frameworks";
				OTHER_LDFLAGS = (
					"$(inherited)",
					"-ObjC",
					"-lc++",
				);
				PRODUCT_BUNDLE_IDENTIFIER = com.schrocken.ConsentManagementApp;
				PRODUCT_NAME = ConsentManagementApp;
				VERSIONING_SYSTEM = "apple-generic";
			};
			name = Debug;
		};
		13B07F951A680F5B00A75B9A /* Release */ = {
			isa = XCBuildConfiguration;
			buildSettings = {
				ASSETCATALOG_COMPILER_APPICON_NAME = AppIcon;
				CURRENT_PROJECT_VERSION = 1;
				DEVELOPMENT_TEAM = YK79L44S77;
				HEADER_SEARCH_PATHS = (
					"$(inherited)",
					"$(SRCROOT)/../node_modules/react-native-gesture-handler/ios/**",
					"$(SRCROOT)/../node_modules/react-native-vector-icons/RNVectorIconsManager",
					"$(SRCROOT)/../node_modules/react-native-image-picker/ios",
					"$(SRCROOT)/../node_modules/react-native-bottom-action-sheet/ios/**",
					"$(SRCROOT)/../node_modules/react-native-material-kit/iOS/RCTMaterialKit",
					"$(SRCROOT)/../node_modules/react-native-image-base64/ios",
				);
				INFOPLIST_FILE = ConsentManagementApp/Info.plist;
				LD_RUNPATH_SEARCH_PATHS = "$(inherited) @executable_path/Frameworks";
				OTHER_LDFLAGS = (
					"$(inherited)",
					"-ObjC",
					"-lc++",
				);
				PRODUCT_BUNDLE_IDENTIFIER = com.schrocken.ConsentManagementApp;
				PRODUCT_NAME = ConsentManagementApp;
				VERSIONING_SYSTEM = "apple-generic";
			};
			name = Release;
		};
		83CBBA201A601CBA00E9B192 /* Debug */ = {
			isa = XCBuildConfiguration;
			buildSettings = {
				ALWAYS_SEARCH_USER_PATHS = NO;
				CLANG_CXX_LANGUAGE_STANDARD = "gnu++0x";
				CLANG_CXX_LIBRARY = "libc++";
				CLANG_ENABLE_MODULES = YES;
				CLANG_ENABLE_OBJC_ARC = YES;
				CLANG_WARN_BLOCK_CAPTURE_AUTORELEASING = YES;
				CLANG_WARN_BOOL_CONVERSION = YES;
				CLANG_WARN_COMMA = YES;
				CLANG_WARN_CONSTANT_CONVERSION = YES;
				CLANG_WARN_DEPRECATED_OBJC_IMPLEMENTATIONS = YES;
				CLANG_WARN_DIRECT_OBJC_ISA_USAGE = YES_ERROR;
				CLANG_WARN_EMPTY_BODY = YES;
				CLANG_WARN_ENUM_CONVERSION = YES;
				CLANG_WARN_INFINITE_RECURSION = YES;
				CLANG_WARN_INT_CONVERSION = YES;
				CLANG_WARN_NON_LITERAL_NULL_CONVERSION = YES;
				CLANG_WARN_OBJC_IMPLICIT_RETAIN_SELF = YES;
				CLANG_WARN_OBJC_LITERAL_CONVERSION = YES;
				CLANG_WARN_OBJC_ROOT_CLASS = YES_ERROR;
				CLANG_WARN_RANGE_LOOP_ANALYSIS = YES;
				CLANG_WARN_STRICT_PROTOTYPES = YES;
				CLANG_WARN_SUSPICIOUS_MOVE = YES;
				CLANG_WARN_UNREACHABLE_CODE = YES;
				CLANG_WARN__DUPLICATE_METHOD_MATCH = YES;
				"CODE_SIGN_IDENTITY[sdk=iphoneos*]" = "iPhone Developer";
				COPY_PHASE_STRIP = NO;
				ENABLE_STRICT_OBJC_MSGSEND = YES;
				ENABLE_TESTABILITY = YES;
				GCC_C_LANGUAGE_STANDARD = gnu99;
				GCC_DYNAMIC_NO_PIC = NO;
				GCC_NO_COMMON_BLOCKS = YES;
				GCC_OPTIMIZATION_LEVEL = 0;
				GCC_PREPROCESSOR_DEFINITIONS = (
					"DEBUG=1",
					"$(inherited)",
				);
				GCC_SYMBOLS_PRIVATE_EXTERN = NO;
				GCC_WARN_64_TO_32_BIT_CONVERSION = YES;
				GCC_WARN_ABOUT_RETURN_TYPE = YES_ERROR;
				GCC_WARN_UNDECLARED_SELECTOR = YES;
				GCC_WARN_UNINITIALIZED_AUTOS = YES_AGGRESSIVE;
				GCC_WARN_UNUSED_FUNCTION = YES;
				GCC_WARN_UNUSED_VARIABLE = YES;
				IPHONEOS_DEPLOYMENT_TARGET = 9.0;
				MTL_ENABLE_DEBUG_INFO = YES;
				ONLY_ACTIVE_ARCH = YES;
				SDKROOT = iphoneos;
			};
			name = Debug;
		};
		83CBBA211A601CBA00E9B192 /* Release */ = {
			isa = XCBuildConfiguration;
			buildSettings = {
				ALWAYS_SEARCH_USER_PATHS = NO;
				CLANG_CXX_LANGUAGE_STANDARD = "gnu++0x";
				CLANG_CXX_LIBRARY = "libc++";
				CLANG_ENABLE_MODULES = YES;
				CLANG_ENABLE_OBJC_ARC = YES;
				CLANG_WARN_BLOCK_CAPTURE_AUTORELEASING = YES;
				CLANG_WARN_BOOL_CONVERSION = YES;
				CLANG_WARN_COMMA = YES;
				CLANG_WARN_CONSTANT_CONVERSION = YES;
				CLANG_WARN_DEPRECATED_OBJC_IMPLEMENTATIONS = YES;
				CLANG_WARN_DIRECT_OBJC_ISA_USAGE = YES_ERROR;
				CLANG_WARN_EMPTY_BODY = YES;
				CLANG_WARN_ENUM_CONVERSION = YES;
				CLANG_WARN_INFINITE_RECURSION = YES;
				CLANG_WARN_INT_CONVERSION = YES;
				CLANG_WARN_NON_LITERAL_NULL_CONVERSION = YES;
				CLANG_WARN_OBJC_IMPLICIT_RETAIN_SELF = YES;
				CLANG_WARN_OBJC_LITERAL_CONVERSION = YES;
				CLANG_WARN_OBJC_ROOT_CLASS = YES_ERROR;
				CLANG_WARN_RANGE_LOOP_ANALYSIS = YES;
				CLANG_WARN_STRICT_PROTOTYPES = YES;
				CLANG_WARN_SUSPICIOUS_MOVE = YES;
				CLANG_WARN_UNREACHABLE_CODE = YES;
				CLANG_WARN__DUPLICATE_METHOD_MATCH = YES;
				"CODE_SIGN_IDENTITY[sdk=iphoneos*]" = "iPhone Developer";
				COPY_PHASE_STRIP = YES;
				ENABLE_NS_ASSERTIONS = NO;
				ENABLE_STRICT_OBJC_MSGSEND = YES;
				GCC_C_LANGUAGE_STANDARD = gnu99;
				GCC_NO_COMMON_BLOCKS = YES;
				GCC_WARN_64_TO_32_BIT_CONVERSION = YES;
				GCC_WARN_ABOUT_RETURN_TYPE = YES_ERROR;
				GCC_WARN_UNDECLARED_SELECTOR = YES;
				GCC_WARN_UNINITIALIZED_AUTOS = YES_AGGRESSIVE;
				GCC_WARN_UNUSED_FUNCTION = YES;
				GCC_WARN_UNUSED_VARIABLE = YES;
				IPHONEOS_DEPLOYMENT_TARGET = 9.0;
				MTL_ENABLE_DEBUG_INFO = NO;
				SDKROOT = iphoneos;
				VALIDATE_PRODUCT = YES;
			};
			name = Release;
		};
/* End XCBuildConfiguration section */

/* Begin XCConfigurationList section */
		00E357021AD99517003FC87E /* Build configuration list for PBXNativeTarget "ConsentManagementAppTests" */ = {
			isa = XCConfigurationList;
			buildConfigurations = (
				00E356F61AD99517003FC87E /* Debug */,
				00E356F71AD99517003FC87E /* Release */,
			);
			defaultConfigurationIsVisible = 0;
			defaultConfigurationName = Release;
		};
		13B07F931A680F5B00A75B9A /* Build configuration list for PBXNativeTarget "ConsentManagementApp" */ = {
			isa = XCConfigurationList;
			buildConfigurations = (
				13B07F941A680F5B00A75B9A /* Debug */,
				13B07F951A680F5B00A75B9A /* Release */,
			);
			defaultConfigurationIsVisible = 0;
			defaultConfigurationName = Release;
		};
		83CBB9FA1A601CBA00E9B192 /* Build configuration list for PBXProject "ConsentManagementApp" */ = {
			isa = XCConfigurationList;
			buildConfigurations = (
				83CBBA201A601CBA00E9B192 /* Debug */,
				83CBBA211A601CBA00E9B192 /* Release */,
			);
			defaultConfigurationIsVisible = 0;
			defaultConfigurationName = Release;
		};
/* End XCConfigurationList section */
	};
	rootObject = 83CBB9F71A601CBA00E9B192 /* Project object */;
}
